
Microsoft Visual Studio Solution File, Format Version 12.00
# Visual Studio 15
VisualStudioVersion = 15.0.28307.572
MinimumVisualStudioVersion = 10.0.40219.1
Project("{FAE04EC0-301F-11D3-BF4B-00C04F79EFBC}") = "DBConnection64", "..\Chris_Applications\VisualStudio2012\WiserChoices\DBConnection\DBConnection64.csproj", "{E5EDB312-1379-4CA3-8C1C-5E0BD7CB1554}"
EndProject
Project("{F184B08F-C81C-45F6-A57F-5ABD9991F28F}") = "WCDocumentGenerator", "..\Chris_Applications\VisualStudio2012\WiserChoices\WCDocumentGenerator\WCDocumentGenerator.vbproj", "{B4AD26F1-0B8A-48EF-8877-DD7FBD1064DC}"
EndProject
Project("{FAE04EC0-301F-11D3-BF4B-00C04F79EFBC}") = "HelperFunctions", "HelperFunctions\HelperFunctions.csproj", "{EA02859A-D77F-4B27-B731-C53D292F119A}"
EndProject
Project("{FAE04EC0-301F-11D3-BF4B-00C04F79EFBC}") = "PDF_Functions", "PDF_Functions\PDF_Functions.csproj", "{67DE095C-98EE-4EB8-A0D3-825F1618106D}"
EndProject
Project("{FAE04EC0-301F-11D3-BF4B-00C04F79EFBC}") = "UCS Companion Application", "PhysicianFeedbackTracker\UCS Companion Application.csproj", "{BE2845F1-E856-4732-87A9-A29D80FCD740}"
EndProject
Project("{FAE04EC0-301F-11D3-BF4B-00C04F79EFBC}") = "PhysicianFeedbackTrackerDataLoader", "PhysicianFeedbackTrackerDataLoader\PhysicianFeedbackTrackerDataLoader.csproj", "{E75636E0-713E-448C-BC84-72AD763EF7A8}"
EndProject
Project("{FAE04EC0-301F-11D3-BF4B-00C04F79EFBC}") = "DetailReportGenerator", "DetailReportGenerator\DetailReportGenerator.csproj", "{D531EE76-7E67-4484-89D7-82464C019E63}"
EndProject
Project("{FAE04EC0-301F-11D3-BF4B-00C04F79EFBC}") = "Link_Optum_Services", "Link_Optum_Services\Link_Optum_Services.csproj", "{FC90988E-C5B9-4FD2-9860-06533E81EDAA}"
EndProject
Project("{FAE04EC0-301F-11D3-BF4B-00C04F79EFBC}") = "Link_Connect", "Link_Connect\Link_Connect.csproj", "{433D44EA-5E4D-43CD-8D03-D2CBC9D85A15}"
EndProject
Project("{FAE04EC0-301F-11D3-BF4B-00C04F79EFBC}") = "Link_Lite", "Link_Lite\Link_Lite.csproj", "{28F13AA2-B81B-4F5D-B329-3F547CD0F822}"
EndProject
Project("{FAE04EC0-301F-11D3-BF4B-00C04F79EFBC}") = "HCME_TO_ILUCA", "HCME_TO_ILUCA\HCME_TO_ILUCA.csproj", "{20ACE904-F72B-4294-937F-05BEAFB5E11A}"
EndProject
Project("{FAE04EC0-301F-11D3-BF4B-00C04F79EFBC}") = "Opioids_RemoveSheets", "Opioids_RemoveSheets\Opioids_RemoveSheets.csproj", "{A298E626-BAD8-4945-B90B-F307B5814EAB}"
EndProject
Project("{FAE04EC0-301F-11D3-BF4B-00C04F79EFBC}") = "UCS_Staging_Process", "UCS_Staging_Process\UCS_Staging_Process.csproj", "{3653EBAE-BC28-4C5F-95DB-7F7E40994C4A}"
EndProject
Project("{FAE04EC0-301F-11D3-BF4B-00C04F79EFBC}") = "Facility_Scorecard_1", "Facility_Scorecard_1\Facility_Scorecard_1.csproj", "{2CDF58C3-A554-4669-BF32-5F159334C650}"
EndProject
Project("{FAE04EC0-301F-11D3-BF4B-00C04F79EFBC}") = "IR_ACO_DataLoader", "IR_ACO_DataLoader\IR_ACO_DataLoader.csproj", "{4C194139-F915-4322-AAA7-0ED042BBF9C1}"
EndProject
Project("{FAE04EC0-301F-11D3-BF4B-00C04F79EFBC}") = "IR_DataScrubber", "IR_DataScrubber\IR_DataScrubber.csproj", "{C41196D1-6DD6-426C-951B-0A117C29FEDC}"
EndProject
Project("{FAE04EC0-301F-11D3-BF4B-00C04F79EFBC}") = "IR_SAS_Interop", "IR_SAS_Interop\IR_SAS_Interop.csproj", "{63CE735A-1D03-4360-9353-A2D9B7667129}"
EndProject
Project("{FAE04EC0-301F-11D3-BF4B-00C04F79EFBC}") = "IR_SAS_QA", "IR_SAS_QA\IR_SAS_QA.csproj", "{B53259C6-4B89-4D62-8D3D-0E5A57142301}"
EndProject
Project("{FAE04EC0-301F-11D3-BF4B-00C04F79EFBC}") = "IR_SAS_Connect", "IR_SAS_Connect\IR_SAS_Connect.csproj", "{8219CBFC-99D4-46C0-B151-5DE3FDB83161}"
EndProject
Project("{FAE04EC0-301F-11D3-BF4B-00C04F79EFBC}") = "IR_SAS_SQL_Interface", "IR_SAS_SQL_Interface\IR_SAS_SQL_Interface.csproj", "{A839B77B-6C18-45B3-ADED-BFD63779EA90}"
EndProject
Project("{FAE04EC0-301F-11D3-BF4B-00C04F79EFBC}") = "~Utility", "~ExtensionUtility\~Utility.csproj", "{50B69A5C-C35C-4E4E-9600-F9AB6291B3F2}"
EndProject
Project("{FAE04EC0-301F-11D3-BF4B-00C04F79EFBC}") = "Hive_Connect", "Hive_Connect\Hive_Connect.csproj", "{678CCFBD-E5CA-452C-B06B-49A8B8C9DF93}"
EndProject
Project("{FAE04EC0-301F-11D3-BF4B-00C04F79EFBC}") = "IR_CDSM_Cleanup", "CDSM_Cleanup\IR_CDSM_Cleanup.csproj", "{39289A31-E60E-4D94-A8D0-CC149D9FFFF3}"
EndProject
Project("{FAE04EC0-301F-11D3-BF4B-00C04F79EFBC}") = "Utilities", "Utilities\Utilities.csproj", "{6AF87664-D928-485D-B69C-FA4BB029DD36}"
EndProject
Project("{FAE04EC0-301F-11D3-BF4B-00C04F79EFBC}") = "PDF_Parser", "PDF_Parser\PDF_Parser.csproj", "{0286B444-700B-448C-A3DB-75B792D51A32}"
EndProject
Project("{FAE04EC0-301F-11D3-BF4B-00C04F79EFBC}") = "EISLogging", "EISLogging\EISLogging.csproj", "{D63A0165-E868-4590-A231-AC1B9988B059}"
EndProject
Project("{FAE04EC0-301F-11D3-BF4B-00C04F79EFBC}") = "EISLogTesting", "EISLogTesting\EISLogTesting.csproj", "{53917F4D-096F-41B9-801F-423EA3DFC08B}"
EndProject
Project("{9A19103F-16F7-4668-BE54-9A1E7A4F7556}") = "MLNET_NLP", "MLNET_NLP\MLNET_NLP.csproj", "{7FBA7433-035A-415B-AF50-F1957DE8ABBC}"
EndProject
Project("{9A19103F-16F7-4668-BE54-9A1E7A4F7556}") = "ML_TMP", "ML_TMP\ML_TMP.csproj", "{2515E8AC-D447-4439-A352-880A13E5D8B8}"
EndProject
Project("{FAE04EC0-301F-11D3-BF4B-00C04F79EFBC}") = "DBConnection32", "DBConnection\DBConnection32.csproj", "{4FA67D78-012D-4194-B55B-C208D5A0C3C6}"
EndProject
Project("{2150E333-8FDC-42A3-9474-1A3956D46DE8}") = "Solution Items", "Solution Items", "{10029751-9E86-4E2A-ABF4-1221219EFB75}"
EndProject
Project("{2150E333-8FDC-42A3-9474-1A3956D46DE8}") = "~PythonSourceFiles", "~PythonSourceFiles", "{ADD2143D-8892-47C1-AF94-E6600AEC6E42}"
	ProjectSection(SolutionItems) = preProject
		..\Python\NamedEntityDataExtraction\DBConnection.py = ..\Python\NamedEntityDataExtraction\DBConnection.py
		..\Python\NamedEntityDataExtraction\Main.py = ..\Python\NamedEntityDataExtraction\Main.py
		..\Python\NamedEntityDataExtraction\NamedEntityDataExtraction.py = ..\Python\NamedEntityDataExtraction\NamedEntityDataExtraction.py
	EndProjectSection
EndProject
Project("{FAE04EC0-301F-11D3-BF4B-00C04F79EFBC}") = "CCD_Data_Extract_XDoc", "CCD_Data_Extract_XDoc\CCD_Data_Extract_XDoc.csproj", "{BAE8DA8D-C3E0-4608-A0B2-A20FCFCD13FA}"
EndProject
Project("{FAE04EC0-301F-11D3-BF4B-00C04F79EFBC}") = "PDF_iText7", "PDF_iText7\PDF_iText7.csproj", "{7BD75C11-69BA-41BA-B60E-9525561832BB}"
EndProject
Project("{FAE04EC0-301F-11D3-BF4B-00C04F79EFBC}") = "ExcelFile_Cleanup_NJ", "ExcelFile_Cleanup_NJ\ExcelFile_Cleanup_NJ.csproj", "{AD5D4DFA-D3EC-4E98-85EB-5A2F6F2B6BD2}"
EndProject
Project("{FAE04EC0-301F-11D3-BF4B-00C04F79EFBC}") = "Nick_Opioid_Cleanup", "Nick_Opioid_Cleanup\Nick_Opioid_Cleanup.csproj", "{91C56DF5-9812-442A-864A-788950E69D08}"
EndProject
Project("{FAE04EC0-301F-11D3-BF4B-00C04F79EFBC}") = "ComplaintDataTransfer", "ComplaintDataTransfer\ComplaintDataTransfer.csproj", "{0AA568A6-4757-44D4-A656-8EB472A4508A}"
EndProject
Project("{FAE04EC0-301F-11D3-BF4B-00C04F79EFBC}") = "UCS_Project_Manager", "UCS Project Manager\UCS_Project_Manager.csproj", "{E3CC41DA-5838-411A-A66D-B97622AFE6F9}"
EndProject
Project("{FAE04EC0-301F-11D3-BF4B-00C04F79EFBC}") = "UCS_Project_Manager_Models", "UCS_Project_Manager_Models\UCS_Project_Manager_Models.csproj", "{0AEA7E1A-EDE9-47FE-831A-D4DE30A86E16}"
EndProject
Project("{FAE04EC0-301F-11D3-BF4B-00C04F79EFBC}") = "UCS_Project_Manager_ViewModels", "UCS_Project_Manager_ViewModels\UCS_Project_Manager_ViewModels.csproj", "{BF76C522-CCC7-4A6C-8B1C-8D199C6A4F6F}"
EndProject
Project("{FAE04EC0-301F-11D3-BF4B-00C04F79EFBC}") = "CompareFiles", "CompareFiles\CompareFiles.csproj", "{970B49E2-39F7-4B8C-8DE0-612F566F352F}"
EndProject
Project("{FAE04EC0-301F-11D3-BF4B-00C04F79EFBC}") = "UCS_Project_Manager_Services", "UCS_Project_Manager_Services\UCS_Project_Manager_Services.csproj", "{7AA7807D-9BB3-49D0-84AA-84EE7D40CC83}"
EndProject
Project("{FAE04EC0-301F-11D3-BF4B-00C04F79EFBC}") = "KPI_Excel_Parser", "KPI_Excel_Parser\KPI_Excel_Parser.csproj", "{5AFF2C2B-4B74-4DA7-B88E-10B4757A4A48}"
EndProject
Project("{FAE04EC0-301F-11D3-BF4B-00C04F79EFBC}") = "Aviad.WPF.Controls", "UCS_AutoCompleteTextBox\Aviad.WPF.Controls.csproj", "{952E558B-6E94-49A5-BA50-EC50C044709C}"
EndProject
Project("{FAE04EC0-301F-11D3-BF4B-00C04F79EFBC}") = "DataGridFilterLibrary", "DataGridFilterLibrary\DataGridFilterLibrary.csproj", "{512FD53F-9AD1-46A1-A961-9FABDFAD50C5}"
EndProject
Project("{FAE04EC0-301F-11D3-BF4B-00C04F79EFBC}") = "UCS_Data_Cleaner", "UCS_Data_Cleaner\UCS_Data_Cleaner.csproj", "{914978B5-91F3-45D6-B1A2-0DA609C9FFD3}"
EndProject
Project("{FAE04EC0-301F-11D3-BF4B-00C04F79EFBC}") = "UCS_PWFile", "UCS_PWFile\UCS_PWFile.csproj", "{F7227A8F-B3E3-42E5-B5EA-2D40183622B3}"
EndProject
Project("{FAE04EC0-301F-11D3-BF4B-00C04F79EFBC}") = "ECG_API_Connect", "ECG_API_Connect\ECG_API_Connect.csproj", "{A94FB651-4B20-4DB5-924B-14BF447E61BD}"
EndProject
Project("{FAE04EC0-301F-11D3-BF4B-00C04F79EFBC}") = "EDC_Analyzer_Excel_Parser", "EDC_Analyzer_Excel_Parser\EDC_Analyzer_Excel_Parser.csproj", "{2AD2BE57-1C25-4D51-9614-333F9727A55A}"
EndProject
Project("{FAE04EC0-301F-11D3-BF4B-00C04F79EFBC}") = "OpenXMLExcel", "OpenXML\OpenXMLExcel.csproj", "{B6D4A56F-6234-4B29-8FB4-8B250366A2C5}"
EndProject
Project("{FAE04EC0-301F-11D3-BF4B-00C04F79EFBC}") = "API_Calls", "API_Calls\API_Calls.csproj", "{53EE7E92-8ADB-4412-9693-CE2E23225A29}"
EndProject
Project("{FAE04EC0-301F-11D3-BF4B-00C04F79EFBC}") = "IR_Sharepoint_Connect", "IR_Sharepoint_Connect\IR_Sharepoint_Connect.csproj", "{89E315E8-C898-4C5A-B67D-EFCA69C21C74}"
EndProject
Project("{FAE04EC0-301F-11D3-BF4B-00C04F79EFBC}") = "Outlook", "Outlook\Outlook.csproj", "{E92D94CD-8977-47D3-826A-2417985AA6D4}"
EndProject
Project("{FAE04EC0-301F-11D3-BF4B-00C04F79EFBC}") = "AHRQ_Code_Parser", "AHRQ_Code_Parser\AHRQ_Code_Parser.csproj", "{6FDF2FF4-626B-425A-87E7-8F09232A8F41}"
EndProject
Project("{FAE04EC0-301F-11D3-BF4B-00C04F79EFBC}") = "CMS_File_Parser", "CMS_File_Parser\CMS_File_Parser.csproj", "{F1547849-08CF-4C50-B05B-2918FA6535EA}"
EndProject
Project("{FAE04EC0-301F-11D3-BF4B-00C04F79EFBC}") = "ECG_API_EDAlert", "ECG_API_EDAlert\ECG_API_EDAlert.csproj", "{8642B5F7-20FD-4401-B96A-26CA34EB1B9B}"
EndProject
Project("{FAE04EC0-301F-11D3-BF4B-00C04F79EFBC}") = "EDC_Analyzer_2022", "EDC_Analyzer_2022\EDC_Analyzer_2022.csproj", "{3B02A32B-3138-4809-BD72-AA66F67C0FB1}"
EndProject
Project("{FAE04EC0-301F-11D3-BF4B-00C04F79EFBC}") = "PythonConnect", "PythonConnect\PythonConnect.csproj", "{20B64D06-95A9-46C1-8B79-3269FEA32840}"
EndProject
Project("{FAE04EC0-301F-11D3-BF4B-00C04F79EFBC}") = "CEP_Cleanup", "CEP_Cleanup\CEP_Cleanup.csproj", "{48642B98-DAEA-4482-A8DA-ACE2190461A7}"
EndProject
Project("{FAE04EC0-301F-11D3-BF4B-00C04F79EFBC}") = "CPR_Dashboard_Parser", "CPR_Dashboard_Parser\CPR_Dashboard_Parser.csproj", "{3A686048-54FC-4459-BDB9-067C19F6A7C3}"
EndProject
Project("{FAE04EC0-301F-11D3-BF4B-00C04F79EFBC}") = "EviCore_Parser", "EviCore_Parser\EviCore_Parser.csproj", "{DDD8D176-E7A0-477E-96BA-279ADC58CDD0}"
EndProject
Project("{FAE04EC0-301F-11D3-BF4B-00C04F79EFBC}") = "Avtar_Parser", "Avtar_Parser\Avtar_Parser.csproj", "{F9EE0049-4003-480D-B093-BAA2C22BA51A}"
EndProject
Project("{FAE04EC0-301F-11D3-BF4B-00C04F79EFBC}") = "WebParser", "WebParser\WebParser.csproj", "{46241444-ADB3-43CD-8280-F430FBB5D079}"
EndProject
Project("{FAE04EC0-301F-11D3-BF4B-00C04F79EFBC}") = "WebCrawlerTest", "WebCrawlerTest\WebCrawlerTest.csproj", "{E52394C3-2FFA-4AE8-BDAB-94779B4136BA}"
EndProject
Project("{FAE04EC0-301F-11D3-BF4B-00C04F79EFBC}") = "EviCore_MHP_Parser", "EviCore_MHP_Parser\EviCore_MHP_Parser.csproj", "{5F65FF1D-64CD-435C-9CEB-AF4A9749FF1B}"
EndProject
Project("{FAE04EC0-301F-11D3-BF4B-00C04F79EFBC}") = "UCS_Automation_Manager", "UCS_Automation_Manager\UCS_Automation_Manager.csproj", "{A8A25FBB-D041-4C5F-8F7C-55E5D8C0807E}"
EndProject
Project("{FAE04EC0-301F-11D3-BF4B-00C04F79EFBC}") = "UCS_AM_ProcessManager", "UCS_AM_ProcessManager\UCS_AM_ProcessManager.csproj", "{A87C5EA8-A043-4D9C-9C2D-9A1E889F93D1}"
EndProject
Project("{FAE04EC0-301F-11D3-BF4B-00C04F79EFBC}") = "UCS_AM_TestingConsole", "USC_AM_TestingConsole\UCS_AM_TestingConsole.csproj", "{68BBCD7C-0D4D-438C-9501-C5055BC2816D}"
EndProject
Project("{FAE04EC0-301F-11D3-BF4B-00C04F79EFBC}") = "SharepointConnect", "SharepointConnect\SharepointConnect.csproj", "{41A1654F-FFFA-4BF2-BDD5-BC01EC7089E7}"
EndProject
Project("{FAE04EC0-301F-11D3-BF4B-00C04F79EFBC}") = "MedicalNecessity_ACIS_Parser", "MedicalNecessity_ACIS_Parser\MedicalNecessity_ACIS_Parser.csproj", "{78A26436-CBC0-4F35-ACC7-926E432968E3}"
EndProject
Project("{FAE04EC0-301F-11D3-BF4B-00C04F79EFBC}") = "CGP_Inj_Chemo_Parser", "CGP_Inj_Chemo_Parser\CGP_Inj_Chemo_Parser.csproj", "{64F5AE51-4B69-47A0-8504-AF9E00AAF587}"
EndProject
Project("{FAE04EC0-301F-11D3-BF4B-00C04F79EFBC}") = "MHP_Monthly_Universes_Parser", "MHP_Monthly_Universes_Parser\MHP_Monthly_Universes_Parser.csproj", "{EDAD7A81-E6FE-40B2-BB33-833107817434}"
EndProject
Project("{FAE04EC0-301F-11D3-BF4B-00C04F79EFBC}") = "ExtensionMethods", "ExtensionMethods\ExtensionMethods.csproj", "{7C2864DD-E613-449C-AAF0-47BCD3FCFFD2}"
EndProject
Project("{FAE04EC0-301F-11D3-BF4B-00C04F79EFBC}") = "CS_Scorecard_Parser", "CS_Scorecard_Parser\CS_Scorecard_Parser.csproj", "{BC2C9F99-ABDF-4F35-A20F-9F462F0D546F}"
EndProject
Project("{FAE04EC0-301F-11D3-BF4B-00C04F79EFBC}") = "CS_Scorecard_Reporting", "CS_Scorecard_Reporting\CS_Scorecard_Reporting.csproj", "{26B6CA9D-0DAB-48B9-864E-74018FD90668}"
EndProject
Project("{FAE04EC0-301F-11D3-BF4B-00C04F79EFBC}") = "CSV_Parser", "CSV_Parser\CSV_Parser.csproj", "{3C558B2E-2BB0-4DC4-8A6D-6EB563A17751}"
EndProject
Project("{FAE04EC0-301F-11D3-BF4B-00C04F79EFBC}") = "MHP_Monthly_Universes_Reporting", "MHP_Monthly_Universes_Reporting\MHP_Monthly_Universes_Reporting.csproj", "{BBF73C0D-8EC1-47D4-9685-BCF3CB9AA50C}"
EndProject
Project("{FAE04EC0-301F-11D3-BF4B-00C04F79EFBC}") = "ASimpleExcelTest", "ASimpleExcelTest\ASimpleExcelTest.csproj", "{1E0BF281-3E99-45AB-9AAC-369052550F16}"
EndProject
Project("{FAE04EC0-301F-11D3-BF4B-00C04F79EFBC}") = "PPACA_TAT", "PPACA_TAT\PPACA_TAT.csproj", "{8447C3D2-FD2F-4CBB-8DB8-9C79608F5F77}"
EndProject
Project("{FAE04EC0-301F-11D3-BF4B-00C04F79EFBC}") = "ActiveDirectoryLibrary", "ActiveDirectoryLibrary\ActiveDirectoryLibrary.csproj", "{E3D19575-8A7C-416B-9FD7-D5EA34B53E21}"
EndProject
Project("{FAE04EC0-301F-11D3-BF4B-00C04F79EFBC}") = "ActiveDirectoryConsoleUI", "ActiveDirectoryConsoleUI\ActiveDirectoryConsoleUI.csproj", "{09AAB154-B2EC-4987-9DC9-6A3B846F00DB}"
EndProject
Global
	GlobalSection(SolutionConfigurationPlatforms) = preSolution
		Debug|Any CPU = Debug|Any CPU
		Debug|x64 = Debug|x64
		Release|Any CPU = Release|Any CPU
		Release|x64 = Release|x64
	EndGlobalSection
	GlobalSection(ProjectConfigurationPlatforms) = postSolution
		{E5EDB312-1379-4CA3-8C1C-5E0BD7CB1554}.Debug|Any CPU.ActiveCfg = Debug|Any CPU
		{E5EDB312-1379-4CA3-8C1C-5E0BD7CB1554}.Debug|Any CPU.Build.0 = Debug|Any CPU
		{E5EDB312-1379-4CA3-8C1C-5E0BD7CB1554}.Debug|x64.ActiveCfg = Debug|Any CPU
		{E5EDB312-1379-4CA3-8C1C-5E0BD7CB1554}.Debug|x64.Build.0 = Debug|Any CPU
		{E5EDB312-1379-4CA3-8C1C-5E0BD7CB1554}.Release|Any CPU.ActiveCfg = Release|Any CPU
		{E5EDB312-1379-4CA3-8C1C-5E0BD7CB1554}.Release|Any CPU.Build.0 = Release|Any CPU
		{E5EDB312-1379-4CA3-8C1C-5E0BD7CB1554}.Release|x64.ActiveCfg = Release|Any CPU
		{E5EDB312-1379-4CA3-8C1C-5E0BD7CB1554}.Release|x64.Build.0 = Release|Any CPU
		{B4AD26F1-0B8A-48EF-8877-DD7FBD1064DC}.Debug|Any CPU.ActiveCfg = Debug|Any CPU
		{B4AD26F1-0B8A-48EF-8877-DD7FBD1064DC}.Debug|Any CPU.Build.0 = Debug|Any CPU
		{B4AD26F1-0B8A-48EF-8877-DD7FBD1064DC}.Debug|x64.ActiveCfg = Debug|Any CPU
		{B4AD26F1-0B8A-48EF-8877-DD7FBD1064DC}.Debug|x64.Build.0 = Debug|Any CPU
		{B4AD26F1-0B8A-48EF-8877-DD7FBD1064DC}.Release|Any CPU.ActiveCfg = Release|Any CPU
		{B4AD26F1-0B8A-48EF-8877-DD7FBD1064DC}.Release|Any CPU.Build.0 = Release|Any CPU
		{B4AD26F1-0B8A-48EF-8877-DD7FBD1064DC}.Release|x64.ActiveCfg = Release|Any CPU
		{B4AD26F1-0B8A-48EF-8877-DD7FBD1064DC}.Release|x64.Build.0 = Release|Any CPU
		{EA02859A-D77F-4B27-B731-C53D292F119A}.Debug|Any CPU.ActiveCfg = Debug|Any CPU
		{EA02859A-D77F-4B27-B731-C53D292F119A}.Debug|Any CPU.Build.0 = Debug|Any CPU
		{EA02859A-D77F-4B27-B731-C53D292F119A}.Debug|x64.ActiveCfg = Debug|Any CPU
		{EA02859A-D77F-4B27-B731-C53D292F119A}.Debug|x64.Build.0 = Debug|Any CPU
		{EA02859A-D77F-4B27-B731-C53D292F119A}.Release|Any CPU.ActiveCfg = Release|Any CPU
		{EA02859A-D77F-4B27-B731-C53D292F119A}.Release|Any CPU.Build.0 = Release|Any CPU
		{EA02859A-D77F-4B27-B731-C53D292F119A}.Release|x64.ActiveCfg = Release|Any CPU
		{EA02859A-D77F-4B27-B731-C53D292F119A}.Release|x64.Build.0 = Release|Any CPU
		{67DE095C-98EE-4EB8-A0D3-825F1618106D}.Debug|Any CPU.ActiveCfg = Debug|Any CPU
		{67DE095C-98EE-4EB8-A0D3-825F1618106D}.Debug|Any CPU.Build.0 = Debug|Any CPU
		{67DE095C-98EE-4EB8-A0D3-825F1618106D}.Debug|x64.ActiveCfg = Debug|Any CPU
		{67DE095C-98EE-4EB8-A0D3-825F1618106D}.Debug|x64.Build.0 = Debug|Any CPU
		{67DE095C-98EE-4EB8-A0D3-825F1618106D}.Release|Any CPU.ActiveCfg = Release|Any CPU
		{67DE095C-98EE-4EB8-A0D3-825F1618106D}.Release|Any CPU.Build.0 = Release|Any CPU
		{67DE095C-98EE-4EB8-A0D3-825F1618106D}.Release|x64.ActiveCfg = Release|Any CPU
		{67DE095C-98EE-4EB8-A0D3-825F1618106D}.Release|x64.Build.0 = Release|Any CPU
		{BE2845F1-E856-4732-87A9-A29D80FCD740}.Debug|Any CPU.ActiveCfg = Debug|Any CPU
		{BE2845F1-E856-4732-87A9-A29D80FCD740}.Debug|Any CPU.Build.0 = Debug|Any CPU
		{BE2845F1-E856-4732-87A9-A29D80FCD740}.Debug|x64.ActiveCfg = Debug|Any CPU
		{BE2845F1-E856-4732-87A9-A29D80FCD740}.Debug|x64.Build.0 = Debug|Any CPU
		{BE2845F1-E856-4732-87A9-A29D80FCD740}.Release|Any CPU.ActiveCfg = Release|Any CPU
		{BE2845F1-E856-4732-87A9-A29D80FCD740}.Release|Any CPU.Build.0 = Release|Any CPU
		{BE2845F1-E856-4732-87A9-A29D80FCD740}.Release|x64.ActiveCfg = Release|Any CPU
		{BE2845F1-E856-4732-87A9-A29D80FCD740}.Release|x64.Build.0 = Release|Any CPU
		{E75636E0-713E-448C-BC84-72AD763EF7A8}.Debug|Any CPU.ActiveCfg = Debug|Any CPU
		{E75636E0-713E-448C-BC84-72AD763EF7A8}.Debug|Any CPU.Build.0 = Debug|Any CPU
		{E75636E0-713E-448C-BC84-72AD763EF7A8}.Debug|x64.ActiveCfg = Debug|Any CPU
		{E75636E0-713E-448C-BC84-72AD763EF7A8}.Debug|x64.Build.0 = Debug|Any CPU
		{E75636E0-713E-448C-BC84-72AD763EF7A8}.Release|Any CPU.ActiveCfg = Release|Any CPU
		{E75636E0-713E-448C-BC84-72AD763EF7A8}.Release|Any CPU.Build.0 = Release|Any CPU
		{E75636E0-713E-448C-BC84-72AD763EF7A8}.Release|x64.ActiveCfg = Release|Any CPU
		{E75636E0-713E-448C-BC84-72AD763EF7A8}.Release|x64.Build.0 = Release|Any CPU
		{D531EE76-7E67-4484-89D7-82464C019E63}.Debug|Any CPU.ActiveCfg = Debug|Any CPU
		{D531EE76-7E67-4484-89D7-82464C019E63}.Debug|Any CPU.Build.0 = Debug|Any CPU
		{D531EE76-7E67-4484-89D7-82464C019E63}.Debug|x64.ActiveCfg = Debug|Any CPU
		{D531EE76-7E67-4484-89D7-82464C019E63}.Debug|x64.Build.0 = Debug|Any CPU
		{D531EE76-7E67-4484-89D7-82464C019E63}.Release|Any CPU.ActiveCfg = Release|Any CPU
		{D531EE76-7E67-4484-89D7-82464C019E63}.Release|Any CPU.Build.0 = Release|Any CPU
		{D531EE76-7E67-4484-89D7-82464C019E63}.Release|x64.ActiveCfg = Release|Any CPU
		{D531EE76-7E67-4484-89D7-82464C019E63}.Release|x64.Build.0 = Release|Any CPU
		{FC90988E-C5B9-4FD2-9860-06533E81EDAA}.Debug|Any CPU.ActiveCfg = Debug|Any CPU
		{FC90988E-C5B9-4FD2-9860-06533E81EDAA}.Debug|Any CPU.Build.0 = Debug|Any CPU
		{FC90988E-C5B9-4FD2-9860-06533E81EDAA}.Debug|x64.ActiveCfg = Debug|Any CPU
		{FC90988E-C5B9-4FD2-9860-06533E81EDAA}.Debug|x64.Build.0 = Debug|Any CPU
		{FC90988E-C5B9-4FD2-9860-06533E81EDAA}.Release|Any CPU.ActiveCfg = Release|Any CPU
		{FC90988E-C5B9-4FD2-9860-06533E81EDAA}.Release|Any CPU.Build.0 = Release|Any CPU
		{FC90988E-C5B9-4FD2-9860-06533E81EDAA}.Release|x64.ActiveCfg = Release|Any CPU
		{FC90988E-C5B9-4FD2-9860-06533E81EDAA}.Release|x64.Build.0 = Release|Any CPU
		{433D44EA-5E4D-43CD-8D03-D2CBC9D85A15}.Debug|Any CPU.ActiveCfg = Debug|Any CPU
		{433D44EA-5E4D-43CD-8D03-D2CBC9D85A15}.Debug|Any CPU.Build.0 = Debug|Any CPU
		{433D44EA-5E4D-43CD-8D03-D2CBC9D85A15}.Debug|x64.ActiveCfg = Debug|Any CPU
		{433D44EA-5E4D-43CD-8D03-D2CBC9D85A15}.Debug|x64.Build.0 = Debug|Any CPU
		{433D44EA-5E4D-43CD-8D03-D2CBC9D85A15}.Release|Any CPU.ActiveCfg = Release|Any CPU
		{433D44EA-5E4D-43CD-8D03-D2CBC9D85A15}.Release|Any CPU.Build.0 = Release|Any CPU
		{433D44EA-5E4D-43CD-8D03-D2CBC9D85A15}.Release|x64.ActiveCfg = Release|Any CPU
		{433D44EA-5E4D-43CD-8D03-D2CBC9D85A15}.Release|x64.Build.0 = Release|Any CPU
		{28F13AA2-B81B-4F5D-B329-3F547CD0F822}.Debug|Any CPU.ActiveCfg = Debug|Any CPU
		{28F13AA2-B81B-4F5D-B329-3F547CD0F822}.Debug|Any CPU.Build.0 = Debug|Any CPU
		{28F13AA2-B81B-4F5D-B329-3F547CD0F822}.Debug|x64.ActiveCfg = Debug|Any CPU
		{28F13AA2-B81B-4F5D-B329-3F547CD0F822}.Debug|x64.Build.0 = Debug|Any CPU
		{28F13AA2-B81B-4F5D-B329-3F547CD0F822}.Release|Any CPU.ActiveCfg = Release|Any CPU
		{28F13AA2-B81B-4F5D-B329-3F547CD0F822}.Release|Any CPU.Build.0 = Release|Any CPU
		{28F13AA2-B81B-4F5D-B329-3F547CD0F822}.Release|x64.ActiveCfg = Release|Any CPU
		{28F13AA2-B81B-4F5D-B329-3F547CD0F822}.Release|x64.Build.0 = Release|Any CPU
		{20ACE904-F72B-4294-937F-05BEAFB5E11A}.Debug|Any CPU.ActiveCfg = Debug|Any CPU
		{20ACE904-F72B-4294-937F-05BEAFB5E11A}.Debug|Any CPU.Build.0 = Debug|Any CPU
		{20ACE904-F72B-4294-937F-05BEAFB5E11A}.Debug|x64.ActiveCfg = Debug|Any CPU
		{20ACE904-F72B-4294-937F-05BEAFB5E11A}.Debug|x64.Build.0 = Debug|Any CPU
		{20ACE904-F72B-4294-937F-05BEAFB5E11A}.Release|Any CPU.ActiveCfg = Release|Any CPU
		{20ACE904-F72B-4294-937F-05BEAFB5E11A}.Release|Any CPU.Build.0 = Release|Any CPU
		{20ACE904-F72B-4294-937F-05BEAFB5E11A}.Release|x64.ActiveCfg = Release|Any CPU
		{20ACE904-F72B-4294-937F-05BEAFB5E11A}.Release|x64.Build.0 = Release|Any CPU
		{A298E626-BAD8-4945-B90B-F307B5814EAB}.Debug|Any CPU.ActiveCfg = Debug|Any CPU
		{A298E626-BAD8-4945-B90B-F307B5814EAB}.Debug|Any CPU.Build.0 = Debug|Any CPU
		{A298E626-BAD8-4945-B90B-F307B5814EAB}.Debug|x64.ActiveCfg = Debug|Any CPU
		{A298E626-BAD8-4945-B90B-F307B5814EAB}.Debug|x64.Build.0 = Debug|Any CPU
		{A298E626-BAD8-4945-B90B-F307B5814EAB}.Release|Any CPU.ActiveCfg = Release|Any CPU
		{A298E626-BAD8-4945-B90B-F307B5814EAB}.Release|Any CPU.Build.0 = Release|Any CPU
		{A298E626-BAD8-4945-B90B-F307B5814EAB}.Release|x64.ActiveCfg = Release|Any CPU
		{A298E626-BAD8-4945-B90B-F307B5814EAB}.Release|x64.Build.0 = Release|Any CPU
		{3653EBAE-BC28-4C5F-95DB-7F7E40994C4A}.Debug|Any CPU.ActiveCfg = Debug|Any CPU
		{3653EBAE-BC28-4C5F-95DB-7F7E40994C4A}.Debug|Any CPU.Build.0 = Debug|Any CPU
		{3653EBAE-BC28-4C5F-95DB-7F7E40994C4A}.Debug|x64.ActiveCfg = Debug|Any CPU
		{3653EBAE-BC28-4C5F-95DB-7F7E40994C4A}.Debug|x64.Build.0 = Debug|Any CPU
		{3653EBAE-BC28-4C5F-95DB-7F7E40994C4A}.Release|Any CPU.ActiveCfg = Release|Any CPU
		{3653EBAE-BC28-4C5F-95DB-7F7E40994C4A}.Release|Any CPU.Build.0 = Release|Any CPU
		{3653EBAE-BC28-4C5F-95DB-7F7E40994C4A}.Release|x64.ActiveCfg = Release|Any CPU
		{3653EBAE-BC28-4C5F-95DB-7F7E40994C4A}.Release|x64.Build.0 = Release|Any CPU
		{2CDF58C3-A554-4669-BF32-5F159334C650}.Debug|Any CPU.ActiveCfg = Debug|Any CPU
		{2CDF58C3-A554-4669-BF32-5F159334C650}.Debug|Any CPU.Build.0 = Debug|Any CPU
		{2CDF58C3-A554-4669-BF32-5F159334C650}.Debug|x64.ActiveCfg = Debug|Any CPU
		{2CDF58C3-A554-4669-BF32-5F159334C650}.Debug|x64.Build.0 = Debug|Any CPU
		{2CDF58C3-A554-4669-BF32-5F159334C650}.Release|Any CPU.ActiveCfg = Release|Any CPU
		{2CDF58C3-A554-4669-BF32-5F159334C650}.Release|Any CPU.Build.0 = Release|Any CPU
		{2CDF58C3-A554-4669-BF32-5F159334C650}.Release|x64.ActiveCfg = Release|Any CPU
		{2CDF58C3-A554-4669-BF32-5F159334C650}.Release|x64.Build.0 = Release|Any CPU
		{4C194139-F915-4322-AAA7-0ED042BBF9C1}.Debug|Any CPU.ActiveCfg = Debug|Any CPU
		{4C194139-F915-4322-AAA7-0ED042BBF9C1}.Debug|Any CPU.Build.0 = Debug|Any CPU
		{4C194139-F915-4322-AAA7-0ED042BBF9C1}.Debug|x64.ActiveCfg = Debug|Any CPU
		{4C194139-F915-4322-AAA7-0ED042BBF9C1}.Debug|x64.Build.0 = Debug|Any CPU
		{4C194139-F915-4322-AAA7-0ED042BBF9C1}.Release|Any CPU.ActiveCfg = Release|Any CPU
		{4C194139-F915-4322-AAA7-0ED042BBF9C1}.Release|Any CPU.Build.0 = Release|Any CPU
		{4C194139-F915-4322-AAA7-0ED042BBF9C1}.Release|x64.ActiveCfg = Release|Any CPU
		{4C194139-F915-4322-AAA7-0ED042BBF9C1}.Release|x64.Build.0 = Release|Any CPU
		{C41196D1-6DD6-426C-951B-0A117C29FEDC}.Debug|Any CPU.ActiveCfg = Debug|Any CPU
		{C41196D1-6DD6-426C-951B-0A117C29FEDC}.Debug|Any CPU.Build.0 = Debug|Any CPU
		{C41196D1-6DD6-426C-951B-0A117C29FEDC}.Debug|x64.ActiveCfg = Debug|Any CPU
		{C41196D1-6DD6-426C-951B-0A117C29FEDC}.Debug|x64.Build.0 = Debug|Any CPU
		{C41196D1-6DD6-426C-951B-0A117C29FEDC}.Release|Any CPU.ActiveCfg = Release|Any CPU
		{C41196D1-6DD6-426C-951B-0A117C29FEDC}.Release|Any CPU.Build.0 = Release|Any CPU
		{C41196D1-6DD6-426C-951B-0A117C29FEDC}.Release|x64.ActiveCfg = Release|Any CPU
		{C41196D1-6DD6-426C-951B-0A117C29FEDC}.Release|x64.Build.0 = Release|Any CPU
		{63CE735A-1D03-4360-9353-A2D9B7667129}.Debug|Any CPU.ActiveCfg = Debug|Any CPU
		{63CE735A-1D03-4360-9353-A2D9B7667129}.Debug|Any CPU.Build.0 = Debug|Any CPU
		{63CE735A-1D03-4360-9353-A2D9B7667129}.Debug|x64.ActiveCfg = Debug|Any CPU
		{63CE735A-1D03-4360-9353-A2D9B7667129}.Debug|x64.Build.0 = Debug|Any CPU
		{63CE735A-1D03-4360-9353-A2D9B7667129}.Release|Any CPU.ActiveCfg = Release|Any CPU
		{63CE735A-1D03-4360-9353-A2D9B7667129}.Release|Any CPU.Build.0 = Release|Any CPU
		{63CE735A-1D03-4360-9353-A2D9B7667129}.Release|x64.ActiveCfg = Release|Any CPU
		{63CE735A-1D03-4360-9353-A2D9B7667129}.Release|x64.Build.0 = Release|Any CPU
		{B53259C6-4B89-4D62-8D3D-0E5A57142301}.Debug|Any CPU.ActiveCfg = Debug|Any CPU
		{B53259C6-4B89-4D62-8D3D-0E5A57142301}.Debug|Any CPU.Build.0 = Debug|Any CPU
		{B53259C6-4B89-4D62-8D3D-0E5A57142301}.Debug|x64.ActiveCfg = Debug|Any CPU
		{B53259C6-4B89-4D62-8D3D-0E5A57142301}.Debug|x64.Build.0 = Debug|Any CPU
		{B53259C6-4B89-4D62-8D3D-0E5A57142301}.Release|Any CPU.ActiveCfg = Release|Any CPU
		{B53259C6-4B89-4D62-8D3D-0E5A57142301}.Release|Any CPU.Build.0 = Release|Any CPU
		{B53259C6-4B89-4D62-8D3D-0E5A57142301}.Release|x64.ActiveCfg = Release|Any CPU
		{B53259C6-4B89-4D62-8D3D-0E5A57142301}.Release|x64.Build.0 = Release|Any CPU
		{8219CBFC-99D4-46C0-B151-5DE3FDB83161}.Debug|Any CPU.ActiveCfg = Debug|Any CPU
		{8219CBFC-99D4-46C0-B151-5DE3FDB83161}.Debug|Any CPU.Build.0 = Debug|Any CPU
		{8219CBFC-99D4-46C0-B151-5DE3FDB83161}.Debug|x64.ActiveCfg = Debug|Any CPU
		{8219CBFC-99D4-46C0-B151-5DE3FDB83161}.Debug|x64.Build.0 = Debug|Any CPU
		{8219CBFC-99D4-46C0-B151-5DE3FDB83161}.Release|Any CPU.ActiveCfg = Release|Any CPU
		{8219CBFC-99D4-46C0-B151-5DE3FDB83161}.Release|Any CPU.Build.0 = Release|Any CPU
		{8219CBFC-99D4-46C0-B151-5DE3FDB83161}.Release|x64.ActiveCfg = Release|Any CPU
		{8219CBFC-99D4-46C0-B151-5DE3FDB83161}.Release|x64.Build.0 = Release|Any CPU
		{A839B77B-6C18-45B3-ADED-BFD63779EA90}.Debug|Any CPU.ActiveCfg = Debug|Any CPU
		{A839B77B-6C18-45B3-ADED-BFD63779EA90}.Debug|Any CPU.Build.0 = Debug|Any CPU
		{A839B77B-6C18-45B3-ADED-BFD63779EA90}.Debug|x64.ActiveCfg = Debug|Any CPU
		{A839B77B-6C18-45B3-ADED-BFD63779EA90}.Debug|x64.Build.0 = Debug|Any CPU
		{A839B77B-6C18-45B3-ADED-BFD63779EA90}.Release|Any CPU.ActiveCfg = Release|Any CPU
		{A839B77B-6C18-45B3-ADED-BFD63779EA90}.Release|Any CPU.Build.0 = Release|Any CPU
		{A839B77B-6C18-45B3-ADED-BFD63779EA90}.Release|x64.ActiveCfg = Release|Any CPU
		{A839B77B-6C18-45B3-ADED-BFD63779EA90}.Release|x64.Build.0 = Release|Any CPU
		{50B69A5C-C35C-4E4E-9600-F9AB6291B3F2}.Debug|Any CPU.ActiveCfg = Debug|Any CPU
		{50B69A5C-C35C-4E4E-9600-F9AB6291B3F2}.Debug|Any CPU.Build.0 = Debug|Any CPU
		{50B69A5C-C35C-4E4E-9600-F9AB6291B3F2}.Debug|x64.ActiveCfg = Debug|Any CPU
		{50B69A5C-C35C-4E4E-9600-F9AB6291B3F2}.Debug|x64.Build.0 = Debug|Any CPU
		{50B69A5C-C35C-4E4E-9600-F9AB6291B3F2}.Release|Any CPU.ActiveCfg = Release|Any CPU
		{50B69A5C-C35C-4E4E-9600-F9AB6291B3F2}.Release|Any CPU.Build.0 = Release|Any CPU
		{50B69A5C-C35C-4E4E-9600-F9AB6291B3F2}.Release|x64.ActiveCfg = Release|Any CPU
		{50B69A5C-C35C-4E4E-9600-F9AB6291B3F2}.Release|x64.Build.0 = Release|Any CPU
		{678CCFBD-E5CA-452C-B06B-49A8B8C9DF93}.Debug|Any CPU.ActiveCfg = Debug|Any CPU
		{678CCFBD-E5CA-452C-B06B-49A8B8C9DF93}.Debug|Any CPU.Build.0 = Debug|Any CPU
		{678CCFBD-E5CA-452C-B06B-49A8B8C9DF93}.Debug|x64.ActiveCfg = Debug|Any CPU
		{678CCFBD-E5CA-452C-B06B-49A8B8C9DF93}.Debug|x64.Build.0 = Debug|Any CPU
		{678CCFBD-E5CA-452C-B06B-49A8B8C9DF93}.Release|Any CPU.ActiveCfg = Release|Any CPU
		{678CCFBD-E5CA-452C-B06B-49A8B8C9DF93}.Release|Any CPU.Build.0 = Release|Any CPU
		{678CCFBD-E5CA-452C-B06B-49A8B8C9DF93}.Release|x64.ActiveCfg = Release|Any CPU
		{678CCFBD-E5CA-452C-B06B-49A8B8C9DF93}.Release|x64.Build.0 = Release|Any CPU
		{39289A31-E60E-4D94-A8D0-CC149D9FFFF3}.Debug|Any CPU.ActiveCfg = Debug|Any CPU
		{39289A31-E60E-4D94-A8D0-CC149D9FFFF3}.Debug|Any CPU.Build.0 = Debug|Any CPU
		{39289A31-E60E-4D94-A8D0-CC149D9FFFF3}.Debug|x64.ActiveCfg = Debug|Any CPU
		{39289A31-E60E-4D94-A8D0-CC149D9FFFF3}.Debug|x64.Build.0 = Debug|Any CPU
		{39289A31-E60E-4D94-A8D0-CC149D9FFFF3}.Release|Any CPU.ActiveCfg = Release|Any CPU
		{39289A31-E60E-4D94-A8D0-CC149D9FFFF3}.Release|Any CPU.Build.0 = Release|Any CPU
		{39289A31-E60E-4D94-A8D0-CC149D9FFFF3}.Release|x64.ActiveCfg = Release|Any CPU
		{39289A31-E60E-4D94-A8D0-CC149D9FFFF3}.Release|x64.Build.0 = Release|Any CPU
		{6AF87664-D928-485D-B69C-FA4BB029DD36}.Debug|Any CPU.ActiveCfg = Debug|Any CPU
		{6AF87664-D928-485D-B69C-FA4BB029DD36}.Debug|Any CPU.Build.0 = Debug|Any CPU
		{6AF87664-D928-485D-B69C-FA4BB029DD36}.Debug|x64.ActiveCfg = Debug|Any CPU
		{6AF87664-D928-485D-B69C-FA4BB029DD36}.Debug|x64.Build.0 = Debug|Any CPU
		{6AF87664-D928-485D-B69C-FA4BB029DD36}.Release|Any CPU.ActiveCfg = Release|Any CPU
		{6AF87664-D928-485D-B69C-FA4BB029DD36}.Release|Any CPU.Build.0 = Release|Any CPU
		{6AF87664-D928-485D-B69C-FA4BB029DD36}.Release|x64.ActiveCfg = Release|Any CPU
		{6AF87664-D928-485D-B69C-FA4BB029DD36}.Release|x64.Build.0 = Release|Any CPU
		{0286B444-700B-448C-A3DB-75B792D51A32}.Debug|Any CPU.ActiveCfg = Debug|Any CPU
		{0286B444-700B-448C-A3DB-75B792D51A32}.Debug|Any CPU.Build.0 = Debug|Any CPU
		{0286B444-700B-448C-A3DB-75B792D51A32}.Debug|x64.ActiveCfg = Debug|Any CPU
		{0286B444-700B-448C-A3DB-75B792D51A32}.Debug|x64.Build.0 = Debug|Any CPU
		{0286B444-700B-448C-A3DB-75B792D51A32}.Release|Any CPU.ActiveCfg = Release|Any CPU
		{0286B444-700B-448C-A3DB-75B792D51A32}.Release|Any CPU.Build.0 = Release|Any CPU
		{0286B444-700B-448C-A3DB-75B792D51A32}.Release|x64.ActiveCfg = Release|Any CPU
		{0286B444-700B-448C-A3DB-75B792D51A32}.Release|x64.Build.0 = Release|Any CPU
		{D63A0165-E868-4590-A231-AC1B9988B059}.Debug|Any CPU.ActiveCfg = Debug|Any CPU
		{D63A0165-E868-4590-A231-AC1B9988B059}.Debug|Any CPU.Build.0 = Debug|Any CPU
		{D63A0165-E868-4590-A231-AC1B9988B059}.Debug|x64.ActiveCfg = Debug|Any CPU
		{D63A0165-E868-4590-A231-AC1B9988B059}.Debug|x64.Build.0 = Debug|Any CPU
		{D63A0165-E868-4590-A231-AC1B9988B059}.Release|Any CPU.ActiveCfg = Release|Any CPU
		{D63A0165-E868-4590-A231-AC1B9988B059}.Release|Any CPU.Build.0 = Release|Any CPU
		{D63A0165-E868-4590-A231-AC1B9988B059}.Release|x64.ActiveCfg = Release|Any CPU
		{D63A0165-E868-4590-A231-AC1B9988B059}.Release|x64.Build.0 = Release|Any CPU
		{53917F4D-096F-41B9-801F-423EA3DFC08B}.Debug|Any CPU.ActiveCfg = Debug|Any CPU
		{53917F4D-096F-41B9-801F-423EA3DFC08B}.Debug|Any CPU.Build.0 = Debug|Any CPU
		{53917F4D-096F-41B9-801F-423EA3DFC08B}.Debug|x64.ActiveCfg = Debug|Any CPU
		{53917F4D-096F-41B9-801F-423EA3DFC08B}.Debug|x64.Build.0 = Debug|Any CPU
		{53917F4D-096F-41B9-801F-423EA3DFC08B}.Release|Any CPU.ActiveCfg = Release|Any CPU
		{53917F4D-096F-41B9-801F-423EA3DFC08B}.Release|Any CPU.Build.0 = Release|Any CPU
		{53917F4D-096F-41B9-801F-423EA3DFC08B}.Release|x64.ActiveCfg = Release|Any CPU
		{53917F4D-096F-41B9-801F-423EA3DFC08B}.Release|x64.Build.0 = Release|Any CPU
		{7FBA7433-035A-415B-AF50-F1957DE8ABBC}.Debug|Any CPU.ActiveCfg = Debug|Any CPU
		{7FBA7433-035A-415B-AF50-F1957DE8ABBC}.Debug|Any CPU.Build.0 = Debug|Any CPU
		{7FBA7433-035A-415B-AF50-F1957DE8ABBC}.Debug|x64.ActiveCfg = Debug|Any CPU
		{7FBA7433-035A-415B-AF50-F1957DE8ABBC}.Debug|x64.Build.0 = Debug|Any CPU
		{7FBA7433-035A-415B-AF50-F1957DE8ABBC}.Release|Any CPU.ActiveCfg = Release|Any CPU
		{7FBA7433-035A-415B-AF50-F1957DE8ABBC}.Release|Any CPU.Build.0 = Release|Any CPU
		{7FBA7433-035A-415B-AF50-F1957DE8ABBC}.Release|x64.ActiveCfg = Release|Any CPU
		{7FBA7433-035A-415B-AF50-F1957DE8ABBC}.Release|x64.Build.0 = Release|Any CPU
		{2515E8AC-D447-4439-A352-880A13E5D8B8}.Debug|Any CPU.ActiveCfg = Debug|Any CPU
		{2515E8AC-D447-4439-A352-880A13E5D8B8}.Debug|Any CPU.Build.0 = Debug|Any CPU
		{2515E8AC-D447-4439-A352-880A13E5D8B8}.Debug|x64.ActiveCfg = Debug|Any CPU
		{2515E8AC-D447-4439-A352-880A13E5D8B8}.Debug|x64.Build.0 = Debug|Any CPU
		{2515E8AC-D447-4439-A352-880A13E5D8B8}.Release|Any CPU.ActiveCfg = Release|Any CPU
		{2515E8AC-D447-4439-A352-880A13E5D8B8}.Release|Any CPU.Build.0 = Release|Any CPU
		{2515E8AC-D447-4439-A352-880A13E5D8B8}.Release|x64.ActiveCfg = Release|Any CPU
		{2515E8AC-D447-4439-A352-880A13E5D8B8}.Release|x64.Build.0 = Release|Any CPU
		{4FA67D78-012D-4194-B55B-C208D5A0C3C6}.Debug|Any CPU.ActiveCfg = Debug|Any CPU
		{4FA67D78-012D-4194-B55B-C208D5A0C3C6}.Debug|Any CPU.Build.0 = Debug|Any CPU
		{4FA67D78-012D-4194-B55B-C208D5A0C3C6}.Debug|x64.ActiveCfg = Debug|Any CPU
		{4FA67D78-012D-4194-B55B-C208D5A0C3C6}.Debug|x64.Build.0 = Debug|Any CPU
		{4FA67D78-012D-4194-B55B-C208D5A0C3C6}.Release|Any CPU.ActiveCfg = Release|Any CPU
		{4FA67D78-012D-4194-B55B-C208D5A0C3C6}.Release|Any CPU.Build.0 = Release|Any CPU
		{4FA67D78-012D-4194-B55B-C208D5A0C3C6}.Release|x64.ActiveCfg = Release|Any CPU
		{4FA67D78-012D-4194-B55B-C208D5A0C3C6}.Release|x64.Build.0 = Release|Any CPU
		{BAE8DA8D-C3E0-4608-A0B2-A20FCFCD13FA}.Debug|Any CPU.ActiveCfg = Debug|Any CPU
		{BAE8DA8D-C3E0-4608-A0B2-A20FCFCD13FA}.Debug|Any CPU.Build.0 = Debug|Any CPU
		{BAE8DA8D-C3E0-4608-A0B2-A20FCFCD13FA}.Debug|x64.ActiveCfg = Debug|Any CPU
		{BAE8DA8D-C3E0-4608-A0B2-A20FCFCD13FA}.Debug|x64.Build.0 = Debug|Any CPU
		{BAE8DA8D-C3E0-4608-A0B2-A20FCFCD13FA}.Release|Any CPU.ActiveCfg = Release|Any CPU
		{BAE8DA8D-C3E0-4608-A0B2-A20FCFCD13FA}.Release|Any CPU.Build.0 = Release|Any CPU
		{BAE8DA8D-C3E0-4608-A0B2-A20FCFCD13FA}.Release|x64.ActiveCfg = Release|Any CPU
		{BAE8DA8D-C3E0-4608-A0B2-A20FCFCD13FA}.Release|x64.Build.0 = Release|Any CPU
		{7BD75C11-69BA-41BA-B60E-9525561832BB}.Debug|Any CPU.ActiveCfg = Debug|Any CPU
		{7BD75C11-69BA-41BA-B60E-9525561832BB}.Debug|Any CPU.Build.0 = Debug|Any CPU
		{7BD75C11-69BA-41BA-B60E-9525561832BB}.Debug|x64.ActiveCfg = Debug|Any CPU
		{7BD75C11-69BA-41BA-B60E-9525561832BB}.Debug|x64.Build.0 = Debug|Any CPU
		{7BD75C11-69BA-41BA-B60E-9525561832BB}.Release|Any CPU.ActiveCfg = Release|Any CPU
		{7BD75C11-69BA-41BA-B60E-9525561832BB}.Release|Any CPU.Build.0 = Release|Any CPU
		{7BD75C11-69BA-41BA-B60E-9525561832BB}.Release|x64.ActiveCfg = Release|Any CPU
		{7BD75C11-69BA-41BA-B60E-9525561832BB}.Release|x64.Build.0 = Release|Any CPU
		{AD5D4DFA-D3EC-4E98-85EB-5A2F6F2B6BD2}.Debug|Any CPU.ActiveCfg = Debug|Any CPU
		{AD5D4DFA-D3EC-4E98-85EB-5A2F6F2B6BD2}.Debug|Any CPU.Build.0 = Debug|Any CPU
		{AD5D4DFA-D3EC-4E98-85EB-5A2F6F2B6BD2}.Debug|x64.ActiveCfg = Debug|Any CPU
		{AD5D4DFA-D3EC-4E98-85EB-5A2F6F2B6BD2}.Debug|x64.Build.0 = Debug|Any CPU
		{AD5D4DFA-D3EC-4E98-85EB-5A2F6F2B6BD2}.Release|Any CPU.ActiveCfg = Release|Any CPU
		{AD5D4DFA-D3EC-4E98-85EB-5A2F6F2B6BD2}.Release|Any CPU.Build.0 = Release|Any CPU
		{AD5D4DFA-D3EC-4E98-85EB-5A2F6F2B6BD2}.Release|x64.ActiveCfg = Release|Any CPU
		{AD5D4DFA-D3EC-4E98-85EB-5A2F6F2B6BD2}.Release|x64.Build.0 = Release|Any CPU
		{91C56DF5-9812-442A-864A-788950E69D08}.Debug|Any CPU.ActiveCfg = Debug|Any CPU
		{91C56DF5-9812-442A-864A-788950E69D08}.Debug|Any CPU.Build.0 = Debug|Any CPU
		{91C56DF5-9812-442A-864A-788950E69D08}.Debug|x64.ActiveCfg = Debug|Any CPU
		{91C56DF5-9812-442A-864A-788950E69D08}.Debug|x64.Build.0 = Debug|Any CPU
		{91C56DF5-9812-442A-864A-788950E69D08}.Release|Any CPU.ActiveCfg = Release|Any CPU
		{91C56DF5-9812-442A-864A-788950E69D08}.Release|Any CPU.Build.0 = Release|Any CPU
		{91C56DF5-9812-442A-864A-788950E69D08}.Release|x64.ActiveCfg = Release|Any CPU
		{91C56DF5-9812-442A-864A-788950E69D08}.Release|x64.Build.0 = Release|Any CPU
		{0AA568A6-4757-44D4-A656-8EB472A4508A}.Debug|Any CPU.ActiveCfg = Debug|Any CPU
		{0AA568A6-4757-44D4-A656-8EB472A4508A}.Debug|Any CPU.Build.0 = Debug|Any CPU
		{0AA568A6-4757-44D4-A656-8EB472A4508A}.Debug|x64.ActiveCfg = Debug|Any CPU
		{0AA568A6-4757-44D4-A656-8EB472A4508A}.Debug|x64.Build.0 = Debug|Any CPU
		{0AA568A6-4757-44D4-A656-8EB472A4508A}.Release|Any CPU.ActiveCfg = Release|Any CPU
		{0AA568A6-4757-44D4-A656-8EB472A4508A}.Release|Any CPU.Build.0 = Release|Any CPU
		{0AA568A6-4757-44D4-A656-8EB472A4508A}.Release|x64.ActiveCfg = Release|Any CPU
		{0AA568A6-4757-44D4-A656-8EB472A4508A}.Release|x64.Build.0 = Release|Any CPU
		{E3CC41DA-5838-411A-A66D-B97622AFE6F9}.Debug|Any CPU.ActiveCfg = Debug|Any CPU
		{E3CC41DA-5838-411A-A66D-B97622AFE6F9}.Debug|Any CPU.Build.0 = Debug|Any CPU
		{E3CC41DA-5838-411A-A66D-B97622AFE6F9}.Debug|x64.ActiveCfg = Debug|x64
		{E3CC41DA-5838-411A-A66D-B97622AFE6F9}.Debug|x64.Build.0 = Debug|x64
		{E3CC41DA-5838-411A-A66D-B97622AFE6F9}.Release|Any CPU.ActiveCfg = Release|Any CPU
		{E3CC41DA-5838-411A-A66D-B97622AFE6F9}.Release|Any CPU.Build.0 = Release|Any CPU
		{E3CC41DA-5838-411A-A66D-B97622AFE6F9}.Release|x64.ActiveCfg = Release|x64
		{E3CC41DA-5838-411A-A66D-B97622AFE6F9}.Release|x64.Build.0 = Release|x64
		{0AEA7E1A-EDE9-47FE-831A-D4DE30A86E16}.Debug|Any CPU.ActiveCfg = Debug|Any CPU
		{0AEA7E1A-EDE9-47FE-831A-D4DE30A86E16}.Debug|Any CPU.Build.0 = Debug|Any CPU
		{0AEA7E1A-EDE9-47FE-831A-D4DE30A86E16}.Debug|x64.ActiveCfg = Debug|Any CPU
		{0AEA7E1A-EDE9-47FE-831A-D4DE30A86E16}.Debug|x64.Build.0 = Debug|Any CPU
		{0AEA7E1A-EDE9-47FE-831A-D4DE30A86E16}.Release|Any CPU.ActiveCfg = Release|Any CPU
		{0AEA7E1A-EDE9-47FE-831A-D4DE30A86E16}.Release|Any CPU.Build.0 = Release|Any CPU
		{0AEA7E1A-EDE9-47FE-831A-D4DE30A86E16}.Release|x64.ActiveCfg = Release|Any CPU
		{0AEA7E1A-EDE9-47FE-831A-D4DE30A86E16}.Release|x64.Build.0 = Release|Any CPU
		{BF76C522-CCC7-4A6C-8B1C-8D199C6A4F6F}.Debug|Any CPU.ActiveCfg = Debug|Any CPU
		{BF76C522-CCC7-4A6C-8B1C-8D199C6A4F6F}.Debug|Any CPU.Build.0 = Debug|Any CPU
		{BF76C522-CCC7-4A6C-8B1C-8D199C6A4F6F}.Debug|x64.ActiveCfg = Debug|Any CPU
		{BF76C522-CCC7-4A6C-8B1C-8D199C6A4F6F}.Debug|x64.Build.0 = Debug|Any CPU
		{BF76C522-CCC7-4A6C-8B1C-8D199C6A4F6F}.Release|Any CPU.ActiveCfg = Release|Any CPU
		{BF76C522-CCC7-4A6C-8B1C-8D199C6A4F6F}.Release|Any CPU.Build.0 = Release|Any CPU
		{BF76C522-CCC7-4A6C-8B1C-8D199C6A4F6F}.Release|x64.ActiveCfg = Release|Any CPU
		{BF76C522-CCC7-4A6C-8B1C-8D199C6A4F6F}.Release|x64.Build.0 = Release|Any CPU
		{970B49E2-39F7-4B8C-8DE0-612F566F352F}.Debug|Any CPU.ActiveCfg = Debug|Any CPU
		{970B49E2-39F7-4B8C-8DE0-612F566F352F}.Debug|Any CPU.Build.0 = Debug|Any CPU
		{970B49E2-39F7-4B8C-8DE0-612F566F352F}.Debug|x64.ActiveCfg = Debug|Any CPU
		{970B49E2-39F7-4B8C-8DE0-612F566F352F}.Debug|x64.Build.0 = Debug|Any CPU
		{970B49E2-39F7-4B8C-8DE0-612F566F352F}.Release|Any CPU.ActiveCfg = Release|Any CPU
		{970B49E2-39F7-4B8C-8DE0-612F566F352F}.Release|Any CPU.Build.0 = Release|Any CPU
		{970B49E2-39F7-4B8C-8DE0-612F566F352F}.Release|x64.ActiveCfg = Release|Any CPU
		{970B49E2-39F7-4B8C-8DE0-612F566F352F}.Release|x64.Build.0 = Release|Any CPU
		{7AA7807D-9BB3-49D0-84AA-84EE7D40CC83}.Debug|Any CPU.ActiveCfg = Debug|Any CPU
		{7AA7807D-9BB3-49D0-84AA-84EE7D40CC83}.Debug|Any CPU.Build.0 = Debug|Any CPU
		{7AA7807D-9BB3-49D0-84AA-84EE7D40CC83}.Debug|x64.ActiveCfg = Debug|Any CPU
		{7AA7807D-9BB3-49D0-84AA-84EE7D40CC83}.Debug|x64.Build.0 = Debug|Any CPU
		{7AA7807D-9BB3-49D0-84AA-84EE7D40CC83}.Release|Any CPU.ActiveCfg = Release|Any CPU
		{7AA7807D-9BB3-49D0-84AA-84EE7D40CC83}.Release|Any CPU.Build.0 = Release|Any CPU
		{7AA7807D-9BB3-49D0-84AA-84EE7D40CC83}.Release|x64.ActiveCfg = Release|Any CPU
		{7AA7807D-9BB3-49D0-84AA-84EE7D40CC83}.Release|x64.Build.0 = Release|Any CPU
		{5AFF2C2B-4B74-4DA7-B88E-10B4757A4A48}.Debug|Any CPU.ActiveCfg = Debug|Any CPU
		{5AFF2C2B-4B74-4DA7-B88E-10B4757A4A48}.Debug|Any CPU.Build.0 = Debug|Any CPU
		{5AFF2C2B-4B74-4DA7-B88E-10B4757A4A48}.Debug|x64.ActiveCfg = Debug|Any CPU
		{5AFF2C2B-4B74-4DA7-B88E-10B4757A4A48}.Debug|x64.Build.0 = Debug|Any CPU
		{5AFF2C2B-4B74-4DA7-B88E-10B4757A4A48}.Release|Any CPU.ActiveCfg = Release|Any CPU
		{5AFF2C2B-4B74-4DA7-B88E-10B4757A4A48}.Release|Any CPU.Build.0 = Release|Any CPU
		{5AFF2C2B-4B74-4DA7-B88E-10B4757A4A48}.Release|x64.ActiveCfg = Release|Any CPU
		{5AFF2C2B-4B74-4DA7-B88E-10B4757A4A48}.Release|x64.Build.0 = Release|Any CPU
		{952E558B-6E94-49A5-BA50-EC50C044709C}.Debug|Any CPU.ActiveCfg = Debug|Any CPU
		{952E558B-6E94-49A5-BA50-EC50C044709C}.Debug|Any CPU.Build.0 = Debug|Any CPU
		{952E558B-6E94-49A5-BA50-EC50C044709C}.Debug|x64.ActiveCfg = Debug|Any CPU
		{952E558B-6E94-49A5-BA50-EC50C044709C}.Debug|x64.Build.0 = Debug|Any CPU
		{952E558B-6E94-49A5-BA50-EC50C044709C}.Release|Any CPU.ActiveCfg = Release|Any CPU
		{952E558B-6E94-49A5-BA50-EC50C044709C}.Release|Any CPU.Build.0 = Release|Any CPU
		{952E558B-6E94-49A5-BA50-EC50C044709C}.Release|x64.ActiveCfg = Release|Any CPU
		{952E558B-6E94-49A5-BA50-EC50C044709C}.Release|x64.Build.0 = Release|Any CPU
		{512FD53F-9AD1-46A1-A961-9FABDFAD50C5}.Debug|Any CPU.ActiveCfg = Debug|Any CPU
		{512FD53F-9AD1-46A1-A961-9FABDFAD50C5}.Debug|Any CPU.Build.0 = Debug|Any CPU
		{512FD53F-9AD1-46A1-A961-9FABDFAD50C5}.Debug|x64.ActiveCfg = Debug|Any CPU
		{512FD53F-9AD1-46A1-A961-9FABDFAD50C5}.Debug|x64.Build.0 = Debug|Any CPU
		{512FD53F-9AD1-46A1-A961-9FABDFAD50C5}.Release|Any CPU.ActiveCfg = Release|Any CPU
		{512FD53F-9AD1-46A1-A961-9FABDFAD50C5}.Release|Any CPU.Build.0 = Release|Any CPU
		{512FD53F-9AD1-46A1-A961-9FABDFAD50C5}.Release|x64.ActiveCfg = Release|Any CPU
		{512FD53F-9AD1-46A1-A961-9FABDFAD50C5}.Release|x64.Build.0 = Release|Any CPU
		{914978B5-91F3-45D6-B1A2-0DA609C9FFD3}.Debug|Any CPU.ActiveCfg = Debug|Any CPU
		{914978B5-91F3-45D6-B1A2-0DA609C9FFD3}.Debug|Any CPU.Build.0 = Debug|Any CPU
		{914978B5-91F3-45D6-B1A2-0DA609C9FFD3}.Debug|x64.ActiveCfg = Debug|Any CPU
		{914978B5-91F3-45D6-B1A2-0DA609C9FFD3}.Debug|x64.Build.0 = Debug|Any CPU
		{914978B5-91F3-45D6-B1A2-0DA609C9FFD3}.Release|Any CPU.ActiveCfg = Release|Any CPU
		{914978B5-91F3-45D6-B1A2-0DA609C9FFD3}.Release|Any CPU.Build.0 = Release|Any CPU
		{914978B5-91F3-45D6-B1A2-0DA609C9FFD3}.Release|x64.ActiveCfg = Release|Any CPU
		{914978B5-91F3-45D6-B1A2-0DA609C9FFD3}.Release|x64.Build.0 = Release|Any CPU
		{F7227A8F-B3E3-42E5-B5EA-2D40183622B3}.Debug|Any CPU.ActiveCfg = Debug|Any CPU
		{F7227A8F-B3E3-42E5-B5EA-2D40183622B3}.Debug|Any CPU.Build.0 = Debug|Any CPU
		{F7227A8F-B3E3-42E5-B5EA-2D40183622B3}.Debug|x64.ActiveCfg = Debug|Any CPU
		{F7227A8F-B3E3-42E5-B5EA-2D40183622B3}.Debug|x64.Build.0 = Debug|Any CPU
		{F7227A8F-B3E3-42E5-B5EA-2D40183622B3}.Release|Any CPU.ActiveCfg = Release|Any CPU
		{F7227A8F-B3E3-42E5-B5EA-2D40183622B3}.Release|Any CPU.Build.0 = Release|Any CPU
		{F7227A8F-B3E3-42E5-B5EA-2D40183622B3}.Release|x64.ActiveCfg = Release|Any CPU
		{F7227A8F-B3E3-42E5-B5EA-2D40183622B3}.Release|x64.Build.0 = Release|Any CPU
		{A94FB651-4B20-4DB5-924B-14BF447E61BD}.Debug|Any CPU.ActiveCfg = Debug|Any CPU
		{A94FB651-4B20-4DB5-924B-14BF447E61BD}.Debug|Any CPU.Build.0 = Debug|Any CPU
		{A94FB651-4B20-4DB5-924B-14BF447E61BD}.Debug|x64.ActiveCfg = Debug|Any CPU
		{A94FB651-4B20-4DB5-924B-14BF447E61BD}.Debug|x64.Build.0 = Debug|Any CPU
		{A94FB651-4B20-4DB5-924B-14BF447E61BD}.Release|Any CPU.ActiveCfg = Release|Any CPU
		{A94FB651-4B20-4DB5-924B-14BF447E61BD}.Release|Any CPU.Build.0 = Release|Any CPU
		{A94FB651-4B20-4DB5-924B-14BF447E61BD}.Release|x64.ActiveCfg = Release|Any CPU
		{A94FB651-4B20-4DB5-924B-14BF447E61BD}.Release|x64.Build.0 = Release|Any CPU
		{2AD2BE57-1C25-4D51-9614-333F9727A55A}.Debug|Any CPU.ActiveCfg = Debug|Any CPU
		{2AD2BE57-1C25-4D51-9614-333F9727A55A}.Debug|Any CPU.Build.0 = Debug|Any CPU
		{2AD2BE57-1C25-4D51-9614-333F9727A55A}.Debug|x64.ActiveCfg = Debug|Any CPU
		{2AD2BE57-1C25-4D51-9614-333F9727A55A}.Debug|x64.Build.0 = Debug|Any CPU
		{2AD2BE57-1C25-4D51-9614-333F9727A55A}.Release|Any CPU.ActiveCfg = Release|Any CPU
		{2AD2BE57-1C25-4D51-9614-333F9727A55A}.Release|Any CPU.Build.0 = Release|Any CPU
		{2AD2BE57-1C25-4D51-9614-333F9727A55A}.Release|x64.ActiveCfg = Release|Any CPU
		{2AD2BE57-1C25-4D51-9614-333F9727A55A}.Release|x64.Build.0 = Release|Any CPU
		{B6D4A56F-6234-4B29-8FB4-8B250366A2C5}.Debug|Any CPU.ActiveCfg = Debug|Any CPU
		{B6D4A56F-6234-4B29-8FB4-8B250366A2C5}.Debug|Any CPU.Build.0 = Debug|Any CPU
		{B6D4A56F-6234-4B29-8FB4-8B250366A2C5}.Debug|x64.ActiveCfg = Debug|Any CPU
		{B6D4A56F-6234-4B29-8FB4-8B250366A2C5}.Debug|x64.Build.0 = Debug|Any CPU
		{B6D4A56F-6234-4B29-8FB4-8B250366A2C5}.Release|Any CPU.ActiveCfg = Release|Any CPU
		{B6D4A56F-6234-4B29-8FB4-8B250366A2C5}.Release|Any CPU.Build.0 = Release|Any CPU
		{B6D4A56F-6234-4B29-8FB4-8B250366A2C5}.Release|x64.ActiveCfg = Release|Any CPU
		{B6D4A56F-6234-4B29-8FB4-8B250366A2C5}.Release|x64.Build.0 = Release|Any CPU
		{53EE7E92-8ADB-4412-9693-CE2E23225A29}.Debug|Any CPU.ActiveCfg = Debug|Any CPU
		{53EE7E92-8ADB-4412-9693-CE2E23225A29}.Debug|Any CPU.Build.0 = Debug|Any CPU
		{53EE7E92-8ADB-4412-9693-CE2E23225A29}.Debug|x64.ActiveCfg = Debug|Any CPU
		{53EE7E92-8ADB-4412-9693-CE2E23225A29}.Debug|x64.Build.0 = Debug|Any CPU
		{53EE7E92-8ADB-4412-9693-CE2E23225A29}.Release|Any CPU.ActiveCfg = Release|Any CPU
		{53EE7E92-8ADB-4412-9693-CE2E23225A29}.Release|Any CPU.Build.0 = Release|Any CPU
		{53EE7E92-8ADB-4412-9693-CE2E23225A29}.Release|x64.ActiveCfg = Release|Any CPU
		{53EE7E92-8ADB-4412-9693-CE2E23225A29}.Release|x64.Build.0 = Release|Any CPU
		{89E315E8-C898-4C5A-B67D-EFCA69C21C74}.Debug|Any CPU.ActiveCfg = Debug|Any CPU
		{89E315E8-C898-4C5A-B67D-EFCA69C21C74}.Debug|Any CPU.Build.0 = Debug|Any CPU
		{89E315E8-C898-4C5A-B67D-EFCA69C21C74}.Debug|x64.ActiveCfg = Debug|Any CPU
		{89E315E8-C898-4C5A-B67D-EFCA69C21C74}.Debug|x64.Build.0 = Debug|Any CPU
		{89E315E8-C898-4C5A-B67D-EFCA69C21C74}.Release|Any CPU.ActiveCfg = Release|Any CPU
		{89E315E8-C898-4C5A-B67D-EFCA69C21C74}.Release|Any CPU.Build.0 = Release|Any CPU
		{89E315E8-C898-4C5A-B67D-EFCA69C21C74}.Release|x64.ActiveCfg = Release|Any CPU
		{89E315E8-C898-4C5A-B67D-EFCA69C21C74}.Release|x64.Build.0 = Release|Any CPU
		{E92D94CD-8977-47D3-826A-2417985AA6D4}.Debug|Any CPU.ActiveCfg = Debug|Any CPU
		{E92D94CD-8977-47D3-826A-2417985AA6D4}.Debug|Any CPU.Build.0 = Debug|Any CPU
		{E92D94CD-8977-47D3-826A-2417985AA6D4}.Debug|x64.ActiveCfg = Debug|Any CPU
		{E92D94CD-8977-47D3-826A-2417985AA6D4}.Debug|x64.Build.0 = Debug|Any CPU
		{E92D94CD-8977-47D3-826A-2417985AA6D4}.Release|Any CPU.ActiveCfg = Release|Any CPU
		{E92D94CD-8977-47D3-826A-2417985AA6D4}.Release|Any CPU.Build.0 = Release|Any CPU
		{E92D94CD-8977-47D3-826A-2417985AA6D4}.Release|x64.ActiveCfg = Release|Any CPU
		{E92D94CD-8977-47D3-826A-2417985AA6D4}.Release|x64.Build.0 = Release|Any CPU
		{6FDF2FF4-626B-425A-87E7-8F09232A8F41}.Debug|Any CPU.ActiveCfg = Debug|Any CPU
		{6FDF2FF4-626B-425A-87E7-8F09232A8F41}.Debug|Any CPU.Build.0 = Debug|Any CPU
		{6FDF2FF4-626B-425A-87E7-8F09232A8F41}.Debug|x64.ActiveCfg = Debug|Any CPU
		{6FDF2FF4-626B-425A-87E7-8F09232A8F41}.Debug|x64.Build.0 = Debug|Any CPU
		{6FDF2FF4-626B-425A-87E7-8F09232A8F41}.Release|Any CPU.ActiveCfg = Release|Any CPU
		{6FDF2FF4-626B-425A-87E7-8F09232A8F41}.Release|Any CPU.Build.0 = Release|Any CPU
		{6FDF2FF4-626B-425A-87E7-8F09232A8F41}.Release|x64.ActiveCfg = Release|Any CPU
		{6FDF2FF4-626B-425A-87E7-8F09232A8F41}.Release|x64.Build.0 = Release|Any CPU
		{F1547849-08CF-4C50-B05B-2918FA6535EA}.Debug|Any CPU.ActiveCfg = Debug|Any CPU
		{F1547849-08CF-4C50-B05B-2918FA6535EA}.Debug|Any CPU.Build.0 = Debug|Any CPU
		{F1547849-08CF-4C50-B05B-2918FA6535EA}.Debug|x64.ActiveCfg = Debug|Any CPU
		{F1547849-08CF-4C50-B05B-2918FA6535EA}.Debug|x64.Build.0 = Debug|Any CPU
		{F1547849-08CF-4C50-B05B-2918FA6535EA}.Release|Any CPU.ActiveCfg = Release|Any CPU
		{F1547849-08CF-4C50-B05B-2918FA6535EA}.Release|Any CPU.Build.0 = Release|Any CPU
		{F1547849-08CF-4C50-B05B-2918FA6535EA}.Release|x64.ActiveCfg = Release|Any CPU
		{F1547849-08CF-4C50-B05B-2918FA6535EA}.Release|x64.Build.0 = Release|Any CPU
		{8642B5F7-20FD-4401-B96A-26CA34EB1B9B}.Debug|Any CPU.ActiveCfg = Debug|Any CPU
		{8642B5F7-20FD-4401-B96A-26CA34EB1B9B}.Debug|Any CPU.Build.0 = Debug|Any CPU
		{8642B5F7-20FD-4401-B96A-26CA34EB1B9B}.Debug|x64.ActiveCfg = Debug|Any CPU
		{8642B5F7-20FD-4401-B96A-26CA34EB1B9B}.Debug|x64.Build.0 = Debug|Any CPU
		{8642B5F7-20FD-4401-B96A-26CA34EB1B9B}.Release|Any CPU.ActiveCfg = Release|Any CPU
		{8642B5F7-20FD-4401-B96A-26CA34EB1B9B}.Release|Any CPU.Build.0 = Release|Any CPU
		{8642B5F7-20FD-4401-B96A-26CA34EB1B9B}.Release|x64.ActiveCfg = Release|Any CPU
		{8642B5F7-20FD-4401-B96A-26CA34EB1B9B}.Release|x64.Build.0 = Release|Any CPU
		{3B02A32B-3138-4809-BD72-AA66F67C0FB1}.Debug|Any CPU.ActiveCfg = Debug|Any CPU
		{3B02A32B-3138-4809-BD72-AA66F67C0FB1}.Debug|Any CPU.Build.0 = Debug|Any CPU
		{3B02A32B-3138-4809-BD72-AA66F67C0FB1}.Debug|x64.ActiveCfg = Debug|Any CPU
		{3B02A32B-3138-4809-BD72-AA66F67C0FB1}.Debug|x64.Build.0 = Debug|Any CPU
		{3B02A32B-3138-4809-BD72-AA66F67C0FB1}.Release|Any CPU.ActiveCfg = Release|Any CPU
		{3B02A32B-3138-4809-BD72-AA66F67C0FB1}.Release|Any CPU.Build.0 = Release|Any CPU
		{3B02A32B-3138-4809-BD72-AA66F67C0FB1}.Release|x64.ActiveCfg = Release|Any CPU
		{3B02A32B-3138-4809-BD72-AA66F67C0FB1}.Release|x64.Build.0 = Release|Any CPU
		{20B64D06-95A9-46C1-8B79-3269FEA32840}.Debug|Any CPU.ActiveCfg = Debug|Any CPU
		{20B64D06-95A9-46C1-8B79-3269FEA32840}.Debug|Any CPU.Build.0 = Debug|Any CPU
		{20B64D06-95A9-46C1-8B79-3269FEA32840}.Debug|x64.ActiveCfg = Debug|Any CPU
		{20B64D06-95A9-46C1-8B79-3269FEA32840}.Debug|x64.Build.0 = Debug|Any CPU
		{20B64D06-95A9-46C1-8B79-3269FEA32840}.Release|Any CPU.ActiveCfg = Release|Any CPU
		{20B64D06-95A9-46C1-8B79-3269FEA32840}.Release|Any CPU.Build.0 = Release|Any CPU
		{20B64D06-95A9-46C1-8B79-3269FEA32840}.Release|x64.ActiveCfg = Release|Any CPU
		{20B64D06-95A9-46C1-8B79-3269FEA32840}.Release|x64.Build.0 = Release|Any CPU
		{48642B98-DAEA-4482-A8DA-ACE2190461A7}.Debug|Any CPU.ActiveCfg = Debug|Any CPU
		{48642B98-DAEA-4482-A8DA-ACE2190461A7}.Debug|Any CPU.Build.0 = Debug|Any CPU
		{48642B98-DAEA-4482-A8DA-ACE2190461A7}.Debug|x64.ActiveCfg = Debug|Any CPU
		{48642B98-DAEA-4482-A8DA-ACE2190461A7}.Debug|x64.Build.0 = Debug|Any CPU
		{48642B98-DAEA-4482-A8DA-ACE2190461A7}.Release|Any CPU.ActiveCfg = Release|Any CPU
		{48642B98-DAEA-4482-A8DA-ACE2190461A7}.Release|Any CPU.Build.0 = Release|Any CPU
		{48642B98-DAEA-4482-A8DA-ACE2190461A7}.Release|x64.ActiveCfg = Release|Any CPU
		{48642B98-DAEA-4482-A8DA-ACE2190461A7}.Release|x64.Build.0 = Release|Any CPU
		{3A686048-54FC-4459-BDB9-067C19F6A7C3}.Debug|Any CPU.ActiveCfg = Debug|Any CPU
		{3A686048-54FC-4459-BDB9-067C19F6A7C3}.Debug|Any CPU.Build.0 = Debug|Any CPU
		{3A686048-54FC-4459-BDB9-067C19F6A7C3}.Debug|x64.ActiveCfg = Debug|Any CPU
		{3A686048-54FC-4459-BDB9-067C19F6A7C3}.Debug|x64.Build.0 = Debug|Any CPU
		{3A686048-54FC-4459-BDB9-067C19F6A7C3}.Release|Any CPU.ActiveCfg = Release|Any CPU
		{3A686048-54FC-4459-BDB9-067C19F6A7C3}.Release|Any CPU.Build.0 = Release|Any CPU
		{3A686048-54FC-4459-BDB9-067C19F6A7C3}.Release|x64.ActiveCfg = Release|Any CPU
		{3A686048-54FC-4459-BDB9-067C19F6A7C3}.Release|x64.Build.0 = Release|Any CPU
		{DDD8D176-E7A0-477E-96BA-279ADC58CDD0}.Debug|Any CPU.ActiveCfg = Debug|Any CPU
		{DDD8D176-E7A0-477E-96BA-279ADC58CDD0}.Debug|Any CPU.Build.0 = Debug|Any CPU
		{DDD8D176-E7A0-477E-96BA-279ADC58CDD0}.Debug|x64.ActiveCfg = Debug|Any CPU
		{DDD8D176-E7A0-477E-96BA-279ADC58CDD0}.Debug|x64.Build.0 = Debug|Any CPU
		{DDD8D176-E7A0-477E-96BA-279ADC58CDD0}.Release|Any CPU.ActiveCfg = Release|Any CPU
		{DDD8D176-E7A0-477E-96BA-279ADC58CDD0}.Release|Any CPU.Build.0 = Release|Any CPU
		{DDD8D176-E7A0-477E-96BA-279ADC58CDD0}.Release|x64.ActiveCfg = Release|Any CPU
		{DDD8D176-E7A0-477E-96BA-279ADC58CDD0}.Release|x64.Build.0 = Release|Any CPU
		{F9EE0049-4003-480D-B093-BAA2C22BA51A}.Debug|Any CPU.ActiveCfg = Debug|Any CPU
		{F9EE0049-4003-480D-B093-BAA2C22BA51A}.Debug|Any CPU.Build.0 = Debug|Any CPU
		{F9EE0049-4003-480D-B093-BAA2C22BA51A}.Debug|x64.ActiveCfg = Debug|Any CPU
		{F9EE0049-4003-480D-B093-BAA2C22BA51A}.Debug|x64.Build.0 = Debug|Any CPU
		{F9EE0049-4003-480D-B093-BAA2C22BA51A}.Release|Any CPU.ActiveCfg = Release|Any CPU
		{F9EE0049-4003-480D-B093-BAA2C22BA51A}.Release|Any CPU.Build.0 = Release|Any CPU
		{F9EE0049-4003-480D-B093-BAA2C22BA51A}.Release|x64.ActiveCfg = Release|Any CPU
		{F9EE0049-4003-480D-B093-BAA2C22BA51A}.Release|x64.Build.0 = Release|Any CPU
		{46241444-ADB3-43CD-8280-F430FBB5D079}.Debug|Any CPU.ActiveCfg = Debug|Any CPU
		{46241444-ADB3-43CD-8280-F430FBB5D079}.Debug|Any CPU.Build.0 = Debug|Any CPU
		{46241444-ADB3-43CD-8280-F430FBB5D079}.Debug|x64.ActiveCfg = Debug|Any CPU
		{46241444-ADB3-43CD-8280-F430FBB5D079}.Debug|x64.Build.0 = Debug|Any CPU
		{46241444-ADB3-43CD-8280-F430FBB5D079}.Release|Any CPU.ActiveCfg = Release|Any CPU
		{46241444-ADB3-43CD-8280-F430FBB5D079}.Release|Any CPU.Build.0 = Release|Any CPU
		{46241444-ADB3-43CD-8280-F430FBB5D079}.Release|x64.ActiveCfg = Release|Any CPU
		{46241444-ADB3-43CD-8280-F430FBB5D079}.Release|x64.Build.0 = Release|Any CPU
		{E52394C3-2FFA-4AE8-BDAB-94779B4136BA}.Debug|Any CPU.ActiveCfg = Debug|Any CPU
		{E52394C3-2FFA-4AE8-BDAB-94779B4136BA}.Debug|Any CPU.Build.0 = Debug|Any CPU
		{E52394C3-2FFA-4AE8-BDAB-94779B4136BA}.Debug|x64.ActiveCfg = Debug|Any CPU
		{E52394C3-2FFA-4AE8-BDAB-94779B4136BA}.Debug|x64.Build.0 = Debug|Any CPU
		{E52394C3-2FFA-4AE8-BDAB-94779B4136BA}.Release|Any CPU.ActiveCfg = Release|Any CPU
		{E52394C3-2FFA-4AE8-BDAB-94779B4136BA}.Release|Any CPU.Build.0 = Release|Any CPU
		{E52394C3-2FFA-4AE8-BDAB-94779B4136BA}.Release|x64.ActiveCfg = Release|Any CPU
		{E52394C3-2FFA-4AE8-BDAB-94779B4136BA}.Release|x64.Build.0 = Release|Any CPU
		{5F65FF1D-64CD-435C-9CEB-AF4A9749FF1B}.Debug|Any CPU.ActiveCfg = Debug|Any CPU
		{5F65FF1D-64CD-435C-9CEB-AF4A9749FF1B}.Debug|Any CPU.Build.0 = Debug|Any CPU
		{5F65FF1D-64CD-435C-9CEB-AF4A9749FF1B}.Debug|x64.ActiveCfg = Debug|Any CPU
		{5F65FF1D-64CD-435C-9CEB-AF4A9749FF1B}.Debug|x64.Build.0 = Debug|Any CPU
		{5F65FF1D-64CD-435C-9CEB-AF4A9749FF1B}.Release|Any CPU.ActiveCfg = Release|Any CPU
		{5F65FF1D-64CD-435C-9CEB-AF4A9749FF1B}.Release|Any CPU.Build.0 = Release|Any CPU
		{5F65FF1D-64CD-435C-9CEB-AF4A9749FF1B}.Release|x64.ActiveCfg = Release|Any CPU
		{5F65FF1D-64CD-435C-9CEB-AF4A9749FF1B}.Release|x64.Build.0 = Release|Any CPU
		{A8A25FBB-D041-4C5F-8F7C-55E5D8C0807E}.Debug|Any CPU.ActiveCfg = Debug|Any CPU
		{A8A25FBB-D041-4C5F-8F7C-55E5D8C0807E}.Debug|Any CPU.Build.0 = Debug|Any CPU
		{A8A25FBB-D041-4C5F-8F7C-55E5D8C0807E}.Debug|x64.ActiveCfg = Debug|Any CPU
		{A8A25FBB-D041-4C5F-8F7C-55E5D8C0807E}.Debug|x64.Build.0 = Debug|Any CPU
		{A8A25FBB-D041-4C5F-8F7C-55E5D8C0807E}.Release|Any CPU.ActiveCfg = Release|Any CPU
		{A8A25FBB-D041-4C5F-8F7C-55E5D8C0807E}.Release|Any CPU.Build.0 = Release|Any CPU
		{A8A25FBB-D041-4C5F-8F7C-55E5D8C0807E}.Release|x64.ActiveCfg = Release|Any CPU
		{A8A25FBB-D041-4C5F-8F7C-55E5D8C0807E}.Release|x64.Build.0 = Release|Any CPU
		{A87C5EA8-A043-4D9C-9C2D-9A1E889F93D1}.Debug|Any CPU.ActiveCfg = Debug|Any CPU
		{A87C5EA8-A043-4D9C-9C2D-9A1E889F93D1}.Debug|Any CPU.Build.0 = Debug|Any CPU
		{A87C5EA8-A043-4D9C-9C2D-9A1E889F93D1}.Debug|x64.ActiveCfg = Debug|Any CPU
		{A87C5EA8-A043-4D9C-9C2D-9A1E889F93D1}.Debug|x64.Build.0 = Debug|Any CPU
		{A87C5EA8-A043-4D9C-9C2D-9A1E889F93D1}.Release|Any CPU.ActiveCfg = Release|Any CPU
		{A87C5EA8-A043-4D9C-9C2D-9A1E889F93D1}.Release|Any CPU.Build.0 = Release|Any CPU
		{A87C5EA8-A043-4D9C-9C2D-9A1E889F93D1}.Release|x64.ActiveCfg = Release|Any CPU
		{A87C5EA8-A043-4D9C-9C2D-9A1E889F93D1}.Release|x64.Build.0 = Release|Any CPU
		{68BBCD7C-0D4D-438C-9501-C5055BC2816D}.Debug|Any CPU.ActiveCfg = Debug|Any CPU
		{68BBCD7C-0D4D-438C-9501-C5055BC2816D}.Debug|Any CPU.Build.0 = Debug|Any CPU
		{68BBCD7C-0D4D-438C-9501-C5055BC2816D}.Debug|x64.ActiveCfg = Debug|Any CPU
		{68BBCD7C-0D4D-438C-9501-C5055BC2816D}.Debug|x64.Build.0 = Debug|Any CPU
		{68BBCD7C-0D4D-438C-9501-C5055BC2816D}.Release|Any CPU.ActiveCfg = Release|Any CPU
		{68BBCD7C-0D4D-438C-9501-C5055BC2816D}.Release|Any CPU.Build.0 = Release|Any CPU
		{68BBCD7C-0D4D-438C-9501-C5055BC2816D}.Release|x64.ActiveCfg = Release|Any CPU
		{68BBCD7C-0D4D-438C-9501-C5055BC2816D}.Release|x64.Build.0 = Release|Any CPU
		{41A1654F-FFFA-4BF2-BDD5-BC01EC7089E7}.Debug|Any CPU.ActiveCfg = Debug|Any CPU
		{41A1654F-FFFA-4BF2-BDD5-BC01EC7089E7}.Debug|Any CPU.Build.0 = Debug|Any CPU
		{41A1654F-FFFA-4BF2-BDD5-BC01EC7089E7}.Debug|x64.ActiveCfg = Debug|Any CPU
		{41A1654F-FFFA-4BF2-BDD5-BC01EC7089E7}.Debug|x64.Build.0 = Debug|Any CPU
		{41A1654F-FFFA-4BF2-BDD5-BC01EC7089E7}.Release|Any CPU.ActiveCfg = Release|Any CPU
		{41A1654F-FFFA-4BF2-BDD5-BC01EC7089E7}.Release|Any CPU.Build.0 = Release|Any CPU
		{41A1654F-FFFA-4BF2-BDD5-BC01EC7089E7}.Release|x64.ActiveCfg = Release|Any CPU
		{41A1654F-FFFA-4BF2-BDD5-BC01EC7089E7}.Release|x64.Build.0 = Release|Any CPU
		{78A26436-CBC0-4F35-ACC7-926E432968E3}.Debug|Any CPU.ActiveCfg = Debug|Any CPU
		{78A26436-CBC0-4F35-ACC7-926E432968E3}.Debug|Any CPU.Build.0 = Debug|Any CPU
		{78A26436-CBC0-4F35-ACC7-926E432968E3}.Debug|x64.ActiveCfg = Debug|Any CPU
		{78A26436-CBC0-4F35-ACC7-926E432968E3}.Debug|x64.Build.0 = Debug|Any CPU
		{78A26436-CBC0-4F35-ACC7-926E432968E3}.Release|Any CPU.ActiveCfg = Release|Any CPU
		{78A26436-CBC0-4F35-ACC7-926E432968E3}.Release|Any CPU.Build.0 = Release|Any CPU
		{78A26436-CBC0-4F35-ACC7-926E432968E3}.Release|x64.ActiveCfg = Release|Any CPU
		{78A26436-CBC0-4F35-ACC7-926E432968E3}.Release|x64.Build.0 = Release|Any CPU
		{64F5AE51-4B69-47A0-8504-AF9E00AAF587}.Debug|Any CPU.ActiveCfg = Debug|Any CPU
		{64F5AE51-4B69-47A0-8504-AF9E00AAF587}.Debug|Any CPU.Build.0 = Debug|Any CPU
		{64F5AE51-4B69-47A0-8504-AF9E00AAF587}.Debug|x64.ActiveCfg = Debug|Any CPU
		{64F5AE51-4B69-47A0-8504-AF9E00AAF587}.Debug|x64.Build.0 = Debug|Any CPU
		{64F5AE51-4B69-47A0-8504-AF9E00AAF587}.Release|Any CPU.ActiveCfg = Release|Any CPU
		{64F5AE51-4B69-47A0-8504-AF9E00AAF587}.Release|Any CPU.Build.0 = Release|Any CPU
		{64F5AE51-4B69-47A0-8504-AF9E00AAF587}.Release|x64.ActiveCfg = Release|Any CPU
		{64F5AE51-4B69-47A0-8504-AF9E00AAF587}.Release|x64.Build.0 = Release|Any CPU
		{EDAD7A81-E6FE-40B2-BB33-833107817434}.Debug|Any CPU.ActiveCfg = Debug|Any CPU
		{EDAD7A81-E6FE-40B2-BB33-833107817434}.Debug|Any CPU.Build.0 = Debug|Any CPU
		{EDAD7A81-E6FE-40B2-BB33-833107817434}.Debug|x64.ActiveCfg = Debug|Any CPU
		{EDAD7A81-E6FE-40B2-BB33-833107817434}.Debug|x64.Build.0 = Debug|Any CPU
		{EDAD7A81-E6FE-40B2-BB33-833107817434}.Release|Any CPU.ActiveCfg = Release|Any CPU
		{EDAD7A81-E6FE-40B2-BB33-833107817434}.Release|Any CPU.Build.0 = Release|Any CPU
		{EDAD7A81-E6FE-40B2-BB33-833107817434}.Release|x64.ActiveCfg = Release|Any CPU
		{EDAD7A81-E6FE-40B2-BB33-833107817434}.Release|x64.Build.0 = Release|Any CPU
		{7C2864DD-E613-449C-AAF0-47BCD3FCFFD2}.Debug|Any CPU.ActiveCfg = Debug|Any CPU
		{7C2864DD-E613-449C-AAF0-47BCD3FCFFD2}.Debug|Any CPU.Build.0 = Debug|Any CPU
		{7C2864DD-E613-449C-AAF0-47BCD3FCFFD2}.Debug|x64.ActiveCfg = Debug|Any CPU
		{7C2864DD-E613-449C-AAF0-47BCD3FCFFD2}.Debug|x64.Build.0 = Debug|Any CPU
		{7C2864DD-E613-449C-AAF0-47BCD3FCFFD2}.Release|Any CPU.ActiveCfg = Release|Any CPU
		{7C2864DD-E613-449C-AAF0-47BCD3FCFFD2}.Release|Any CPU.Build.0 = Release|Any CPU
		{7C2864DD-E613-449C-AAF0-47BCD3FCFFD2}.Release|x64.ActiveCfg = Release|Any CPU
		{7C2864DD-E613-449C-AAF0-47BCD3FCFFD2}.Release|x64.Build.0 = Release|Any CPU
		{BC2C9F99-ABDF-4F35-A20F-9F462F0D546F}.Debug|Any CPU.ActiveCfg = Debug|Any CPU
		{BC2C9F99-ABDF-4F35-A20F-9F462F0D546F}.Debug|Any CPU.Build.0 = Debug|Any CPU
		{BC2C9F99-ABDF-4F35-A20F-9F462F0D546F}.Debug|x64.ActiveCfg = Debug|Any CPU
		{BC2C9F99-ABDF-4F35-A20F-9F462F0D546F}.Debug|x64.Build.0 = Debug|Any CPU
		{BC2C9F99-ABDF-4F35-A20F-9F462F0D546F}.Release|Any CPU.ActiveCfg = Release|Any CPU
		{BC2C9F99-ABDF-4F35-A20F-9F462F0D546F}.Release|Any CPU.Build.0 = Release|Any CPU
		{BC2C9F99-ABDF-4F35-A20F-9F462F0D546F}.Release|x64.ActiveCfg = Release|Any CPU
		{BC2C9F99-ABDF-4F35-A20F-9F462F0D546F}.Release|x64.Build.0 = Release|Any CPU
		{26B6CA9D-0DAB-48B9-864E-74018FD90668}.Debug|Any CPU.ActiveCfg = Debug|Any CPU
		{26B6CA9D-0DAB-48B9-864E-74018FD90668}.Debug|Any CPU.Build.0 = Debug|Any CPU
		{26B6CA9D-0DAB-48B9-864E-74018FD90668}.Debug|x64.ActiveCfg = Debug|Any CPU
		{26B6CA9D-0DAB-48B9-864E-74018FD90668}.Debug|x64.Build.0 = Debug|Any CPU
		{26B6CA9D-0DAB-48B9-864E-74018FD90668}.Release|Any CPU.ActiveCfg = Release|Any CPU
		{26B6CA9D-0DAB-48B9-864E-74018FD90668}.Release|Any CPU.Build.0 = Release|Any CPU
		{26B6CA9D-0DAB-48B9-864E-74018FD90668}.Release|x64.ActiveCfg = Release|Any CPU
		{26B6CA9D-0DAB-48B9-864E-74018FD90668}.Release|x64.Build.0 = Release|Any CPU
		{3C558B2E-2BB0-4DC4-8A6D-6EB563A17751}.Debug|Any CPU.ActiveCfg = Debug|Any CPU
		{3C558B2E-2BB0-4DC4-8A6D-6EB563A17751}.Debug|Any CPU.Build.0 = Debug|Any CPU
		{3C558B2E-2BB0-4DC4-8A6D-6EB563A17751}.Debug|x64.ActiveCfg = Debug|Any CPU
		{3C558B2E-2BB0-4DC4-8A6D-6EB563A17751}.Debug|x64.Build.0 = Debug|Any CPU
		{3C558B2E-2BB0-4DC4-8A6D-6EB563A17751}.Release|Any CPU.ActiveCfg = Release|Any CPU
		{3C558B2E-2BB0-4DC4-8A6D-6EB563A17751}.Release|Any CPU.Build.0 = Release|Any CPU
		{3C558B2E-2BB0-4DC4-8A6D-6EB563A17751}.Release|x64.ActiveCfg = Release|Any CPU
		{3C558B2E-2BB0-4DC4-8A6D-6EB563A17751}.Release|x64.Build.0 = Release|Any CPU
		{BBF73C0D-8EC1-47D4-9685-BCF3CB9AA50C}.Debug|Any CPU.ActiveCfg = Debug|Any CPU
		{BBF73C0D-8EC1-47D4-9685-BCF3CB9AA50C}.Debug|Any CPU.Build.0 = Debug|Any CPU
		{BBF73C0D-8EC1-47D4-9685-BCF3CB9AA50C}.Debug|x64.ActiveCfg = Debug|Any CPU
		{BBF73C0D-8EC1-47D4-9685-BCF3CB9AA50C}.Debug|x64.Build.0 = Debug|Any CPU
		{BBF73C0D-8EC1-47D4-9685-BCF3CB9AA50C}.Release|Any CPU.ActiveCfg = Release|Any CPU
		{BBF73C0D-8EC1-47D4-9685-BCF3CB9AA50C}.Release|Any CPU.Build.0 = Release|Any CPU
		{BBF73C0D-8EC1-47D4-9685-BCF3CB9AA50C}.Release|x64.ActiveCfg = Release|Any CPU
		{BBF73C0D-8EC1-47D4-9685-BCF3CB9AA50C}.Release|x64.Build.0 = Release|Any CPU
		{1E0BF281-3E99-45AB-9AAC-369052550F16}.Debug|Any CPU.ActiveCfg = Debug|Any CPU
		{1E0BF281-3E99-45AB-9AAC-369052550F16}.Debug|Any CPU.Build.0 = Debug|Any CPU
		{1E0BF281-3E99-45AB-9AAC-369052550F16}.Debug|x64.ActiveCfg = Debug|Any CPU
		{1E0BF281-3E99-45AB-9AAC-369052550F16}.Debug|x64.Build.0 = Debug|Any CPU
		{1E0BF281-3E99-45AB-9AAC-369052550F16}.Release|Any CPU.ActiveCfg = Release|Any CPU
		{1E0BF281-3E99-45AB-9AAC-369052550F16}.Release|Any CPU.Build.0 = Release|Any CPU
		{1E0BF281-3E99-45AB-9AAC-369052550F16}.Release|x64.ActiveCfg = Release|Any CPU
		{1E0BF281-3E99-45AB-9AAC-369052550F16}.Release|x64.Build.0 = Release|Any CPU
		{8447C3D2-FD2F-4CBB-8DB8-9C79608F5F77}.Debug|Any CPU.ActiveCfg = Debug|Any CPU
		{8447C3D2-FD2F-4CBB-8DB8-9C79608F5F77}.Debug|Any CPU.Build.0 = Debug|Any CPU
		{8447C3D2-FD2F-4CBB-8DB8-9C79608F5F77}.Debug|x64.ActiveCfg = Debug|Any CPU
		{8447C3D2-FD2F-4CBB-8DB8-9C79608F5F77}.Debug|x64.Build.0 = Debug|Any CPU
		{8447C3D2-FD2F-4CBB-8DB8-9C79608F5F77}.Release|Any CPU.ActiveCfg = Release|Any CPU
		{8447C3D2-FD2F-4CBB-8DB8-9C79608F5F77}.Release|Any CPU.Build.0 = Release|Any CPU
		{8447C3D2-FD2F-4CBB-8DB8-9C79608F5F77}.Release|x64.ActiveCfg = Release|Any CPU
		{8447C3D2-FD2F-4CBB-8DB8-9C79608F5F77}.Release|x64.Build.0 = Release|Any CPU
		{E3D19575-8A7C-416B-9FD7-D5EA34B53E21}.Debug|Any CPU.ActiveCfg = Debug|Any CPU
		{E3D19575-8A7C-416B-9FD7-D5EA34B53E21}.Debug|Any CPU.Build.0 = Debug|Any CPU
		{E3D19575-8A7C-416B-9FD7-D5EA34B53E21}.Debug|x64.ActiveCfg = Debug|Any CPU
		{E3D19575-8A7C-416B-9FD7-D5EA34B53E21}.Debug|x64.Build.0 = Debug|Any CPU
		{E3D19575-8A7C-416B-9FD7-D5EA34B53E21}.Release|Any CPU.ActiveCfg = Release|Any CPU
		{E3D19575-8A7C-416B-9FD7-D5EA34B53E21}.Release|Any CPU.Build.0 = Release|Any CPU
		{E3D19575-8A7C-416B-9FD7-D5EA34B53E21}.Release|x64.ActiveCfg = Release|Any CPU
		{E3D19575-8A7C-416B-9FD7-D5EA34B53E21}.Release|x64.Build.0 = Release|Any CPU
		{09AAB154-B2EC-4987-9DC9-6A3B846F00DB}.Debug|Any CPU.ActiveCfg = Debug|Any CPU
		{09AAB154-B2EC-4987-9DC9-6A3B846F00DB}.Debug|Any CPU.Build.0 = Debug|Any CPU
		{09AAB154-B2EC-4987-9DC9-6A3B846F00DB}.Debug|x64.ActiveCfg = Debug|Any CPU
		{09AAB154-B2EC-4987-9DC9-6A3B846F00DB}.Debug|x64.Build.0 = Debug|Any CPU
		{09AAB154-B2EC-4987-9DC9-6A3B846F00DB}.Release|Any CPU.ActiveCfg = Release|Any CPU
		{09AAB154-B2EC-4987-9DC9-6A3B846F00DB}.Release|Any CPU.Build.0 = Release|Any CPU
		{09AAB154-B2EC-4987-9DC9-6A3B846F00DB}.Release|x64.ActiveCfg = Release|Any CPU
		{09AAB154-B2EC-4987-9DC9-6A3B846F00DB}.Release|x64.Build.0 = Release|Any CPU
	EndGlobalSection
	GlobalSection(SolutionProperties) = preSolution
		HideSolutionNode = FALSE
	EndGlobalSection
	GlobalSection(ExtensibilityGlobals) = postSolution
		SolutionGuid = {59262BD0-A0AE-476E-89F5-DC3272A03BF2}
	EndGlobalSection
EndGlobal
