
Microsoft Visual Studio Solution File, Format Version 12.00
# Visual Studio Version 17
VisualStudioVersion = 17.3.32901.215
MinimumVisualStudioVersion = 10.0.40219.1
Project("{9A19103F-16F7-4668-BE54-9A1E7A4F7556}") = "VCWebPortal.API", "VCWebPortal.API\VCWebPortal.API.csproj", "{4968FC55-E299-4D63-BEF6-B34D9F459A56}"
EndProject
Global
	GlobalSection(SolutionConfigurationPlatforms) = preSolution
		Debug|Any CPU = Debug|Any CPU
		Release|Any CPU = Release|Any CPU
	EndGlobalSection
	GlobalSection(ProjectConfigurationPlatforms) = postSolution
		{4968FC55-E299-4D63-BEF6-B34D9F459A56}.Debug|Any CPU.ActiveCfg = Debug|Any CPU
		{4968FC55-E299-4D63-BEF6-B34D9F459A56}.Debug|Any CPU.Build.0 = Debug|Any CPU
		{4968FC55-E299-4D63-BEF6-B34D9F459A56}.Release|Any CPU.ActiveCfg = Release|Any CPU
		{4968FC55-E299-4D63-BEF6-B34D9F459A56}.Release|Any CPU.Build.0 = Release|Any CPU
	EndGlobalSection
	GlobalSection(SolutionProperties) = preSolution
		HideSolutionNode = FALSE
	EndGlobalSection
	GlobalSection(ExtensibilityGlobals) = postSolution
		SolutionGuid = {5E1F6E3A-CA78-432F-A146-5C99AD0CC8B6}
	EndGlobalSection
EndGlobal
